
Microsoft Visual Studio Solution File, Format Version 12.00
# Visual Studio Version 17
VisualStudioVersion = 17.8.34316.72
MinimumVisualStudioVersion = 10.0.40219.1
Project("{2150E333-8FDC-42A3-9474-1A3956D46DE8}") = "Tests", "Tests", "{1F9B76FE-3A57-4AB5-8657-3EAB232B84AF}"
EndProject
Project("{9A19103F-16F7-4668-BE54-9A1E7A4F7556}") = "RapidStreamer.UnitTests", "Tests\RapidStreamer.UnitTests\RapidStreamer.UnitTests.csproj", "{5A33A95E-21B1-4FB7-8706-22EBB7CC49FE}"
EndProject
Project("{2150E333-8FDC-42A3-9474-1A3956D46DE8}") = "Channels", "Channels", "{59A90A46-8DF0-4650-980D-ECB31866C39C}"
EndProject
Project("{9A19103F-16F7-4668-BE54-9A1E7A4F7556}") = "RapidStreamer.Channels.Clock", "Channels\RapidStreamer.Channels.Clock\RapidStreamer.Channels.Clock.csproj", "{A4C39FE1-D8C2-493F-9F9B-461D824F6089}"
EndProject
Project("{9A19103F-16F7-4668-BE54-9A1E7A4F7556}") = "RapidStreamer.Channels.Notifications", "Channels\RapidStreamer.Channels.Notifications\RapidStreamer.Channels.Notifications.csproj", "{ED885439-281E-4E5F-BB45-139E28D1DC39}"
EndProject
Project("{2150E333-8FDC-42A3-9474-1A3956D46DE8}") = "Games", "Games", "{2E093943-8EED-4B40-9220-DF1EA11CBE5D}"
EndProject
Project("{9A19103F-16F7-4668-BE54-9A1E7A4F7556}") = "RapidStreamer.Channels.Games.RockPaperScissors", "Channels\Games\RapidStreamer.Channels.Games.RockPaperScissors\RapidStreamer.Channels.Games.RockPaperScissors.csproj", "{B4E679E2-FDAA-4BBA-8E8F-9250269A36EA}"
EndProject
Project("{2150E333-8FDC-42A3-9474-1A3956D46DE8}") = "Solution Items", "Solution Items", "{1ACE9E2E-4250-4D9A-8079-07D839222B67}"
	ProjectSection(SolutionItems) = preProject
		.editorconfig = .editorconfig
		.gitignore = .gitignore
		RapidStreamer.png = RapidStreamer.png
		RapidStreamer.svg = RapidStreamer.svg
		README.md = README.md
		nuget.config = nuget.config
	EndProjectSection
EndProject
Project("{9A19103F-16F7-4668-BE54-9A1E7A4F7556}") = "RapidStreamer.Channels.ResourceMonitoring", "Channels\RapidStreamer.Channels.ResourceMonitoring\RapidStreamer.Channels.ResourceMonitoring.csproj", "{4451EC85-3A52-4CC8-93CF-CA518F83B719}"
EndProject
Project("{9A19103F-16F7-4668-BE54-9A1E7A4F7556}") = "RapidStreamer.Channels.NetworkMonitoring", "Channels\RapidStreamer.Channels.NetworkMonitoring\RapidStreamer.Channels.NetworkMonitoring.csproj", "{1185E617-133A-4B88-AF8C-F8D04E433868}"
EndProject
Project("{9A19103F-16F7-4668-BE54-9A1E7A4F7556}") = "RapidStreamer.Channels.Throughput", "Channels\RapidStreamer.Channels.Throughput\RapidStreamer.Channels.Throughput.csproj", "{0504F6FA-EF69-419A-B463-FA4413C51724}"
EndProject
Project("{9A19103F-16F7-4668-BE54-9A1E7A4F7556}") = "RapidStreamer.Channels.TimeZones", "Channels\RapidStreamer.Channels.TimeZones\RapidStreamer.Channels.TimeZones.csproj", "{E07DE456-6395-4B2B-B6CF-7CB66F5EA30C}"
EndProject
Global
	GlobalSection(SolutionConfigurationPlatforms) = preSolution
		Cluster|Any CPU = Cluster|Any CPU
		Cluster|ARM32 = Cluster|ARM32
		Cluster|ARM64 = Cluster|ARM64
		Cluster|x64 = Cluster|x64
		Cluster|x86 = Cluster|x86
		Debug|Any CPU = Debug|Any CPU
		Debug|ARM32 = Debug|ARM32
		Debug|ARM64 = Debug|ARM64
		Debug|x64 = Debug|x64
		Debug|x86 = Debug|x86
		Release|Any CPU = Release|Any CPU
		Release|ARM32 = Release|ARM32
		Release|ARM64 = Release|ARM64
		Release|x64 = Release|x64
		Release|x86 = Release|x86
	EndGlobalSection
	GlobalSection(ProjectConfigurationPlatforms) = postSolution
		{5A33A95E-21B1-4FB7-8706-22EBB7CC49FE}.Debug|Any CPU.ActiveCfg = Debug|Any CPU
		{5A33A95E-21B1-4FB7-8706-22EBB7CC49FE}.Debug|Any CPU.Build.0 = Debug|Any CPU
		{5A33A95E-21B1-4FB7-8706-22EBB7CC49FE}.Debug|ARM32.ActiveCfg = Debug|ARM32
		{5A33A95E-21B1-4FB7-8706-22EBB7CC49FE}.Debug|ARM32.Build.0 = Debug|ARM32
		{5A33A95E-21B1-4FB7-8706-22EBB7CC49FE}.Debug|ARM64.ActiveCfg = Debug|ARM64
		{5A33A95E-21B1-4FB7-8706-22EBB7CC49FE}.Debug|ARM64.Build.0 = Debug|ARM64
		{5A33A95E-21B1-4FB7-8706-22EBB7CC49FE}.Debug|x64.ActiveCfg = Debug|x64
		{5A33A95E-21B1-4FB7-8706-22EBB7CC49FE}.Debug|x64.Build.0 = Debug|x64
		{5A33A95E-21B1-4FB7-8706-22EBB7CC49FE}.Debug|x86.ActiveCfg = Debug|x86
		{5A33A95E-21B1-4FB7-8706-22EBB7CC49FE}.Debug|x86.Build.0 = Debug|x86
		{A4C39FE1-D8C2-493F-9F9B-461D824F6089}.Cluster|Any CPU.ActiveCfg = Cluster|Any CPU
		{A4C39FE1-D8C2-493F-9F9B-461D824F6089}.Cluster|Any CPU.Build.0 = Cluster|Any CPU
		{A4C39FE1-D8C2-493F-9F9B-461D824F6089}.Cluster|ARM32.ActiveCfg = Cluster|ARM32
		{A4C39FE1-D8C2-493F-9F9B-461D824F6089}.Cluster|ARM32.Build.0 = Cluster|ARM32
		{A4C39FE1-D8C2-493F-9F9B-461D824F6089}.Cluster|ARM64.ActiveCfg = Cluster|ARM64
		{A4C39FE1-D8C2-493F-9F9B-461D824F6089}.Cluster|ARM64.Build.0 = Cluster|ARM64
		{A4C39FE1-D8C2-493F-9F9B-461D824F6089}.Cluster|x64.ActiveCfg = Cluster|x64
		{A4C39FE1-D8C2-493F-9F9B-461D824F6089}.Cluster|x64.Build.0 = Cluster|x64
		{A4C39FE1-D8C2-493F-9F9B-461D824F6089}.Cluster|x86.ActiveCfg = Cluster|x86
		{A4C39FE1-D8C2-493F-9F9B-461D824F6089}.Cluster|x86.Build.0 = Cluster|x86
		{A4C39FE1-D8C2-493F-9F9B-461D824F6089}.Debug|Any CPU.ActiveCfg = Debug|Any CPU
		{A4C39FE1-D8C2-493F-9F9B-461D824F6089}.Debug|Any CPU.Build.0 = Debug|Any CPU
		{A4C39FE1-D8C2-493F-9F9B-461D824F6089}.Debug|ARM32.ActiveCfg = Debug|ARM32
		{A4C39FE1-D8C2-493F-9F9B-461D824F6089}.Debug|ARM32.Build.0 = Debug|ARM32
		{A4C39FE1-D8C2-493F-9F9B-461D824F6089}.Debug|ARM64.ActiveCfg = Debug|ARM64
		{A4C39FE1-D8C2-493F-9F9B-461D824F6089}.Debug|ARM64.Build.0 = Debug|ARM64
		{A4C39FE1-D8C2-493F-9F9B-461D824F6089}.Debug|x64.ActiveCfg = Debug|x64
		{A4C39FE1-D8C2-493F-9F9B-461D824F6089}.Debug|x64.Build.0 = Debug|x64
		{A4C39FE1-D8C2-493F-9F9B-461D824F6089}.Debug|x86.ActiveCfg = Debug|x86
		{A4C39FE1-D8C2-493F-9F9B-461D824F6089}.Debug|x86.Build.0 = Debug|x86
		{A4C39FE1-D8C2-493F-9F9B-461D824F6089}.Release|Any CPU.ActiveCfg = Release|Any CPU
		{A4C39FE1-D8C2-493F-9F9B-461D824F6089}.Release|Any CPU.Build.0 = Release|Any CPU
		{A4C39FE1-D8C2-493F-9F9B-461D824F6089}.Release|ARM32.ActiveCfg = Release|ARM32
		{A4C39FE1-D8C2-493F-9F9B-461D824F6089}.Release|ARM32.Build.0 = Release|ARM32
		{A4C39FE1-D8C2-493F-9F9B-461D824F6089}.Release|ARM64.ActiveCfg = Release|ARM64
		{A4C39FE1-D8C2-493F-9F9B-461D824F6089}.Release|ARM64.Build.0 = Release|ARM64
		{A4C39FE1-D8C2-493F-9F9B-461D824F6089}.Release|x64.ActiveCfg = Release|x64
		{A4C39FE1-D8C2-493F-9F9B-461D824F6089}.Release|x64.Build.0 = Release|x64
		{A4C39FE1-D8C2-493F-9F9B-461D824F6089}.Release|x86.ActiveCfg = Release|x86
		{A4C39FE1-D8C2-493F-9F9B-461D824F6089}.Release|x86.Build.0 = Release|x86
		{ED885439-281E-4E5F-BB45-139E28D1DC39}.Cluster|Any CPU.ActiveCfg = Cluster|Any CPU
		{ED885439-281E-4E5F-BB45-139E28D1DC39}.Cluster|Any CPU.Build.0 = Cluster|Any CPU
		{ED885439-281E-4E5F-BB45-139E28D1DC39}.Cluster|ARM32.ActiveCfg = Cluster|ARM32
		{ED885439-281E-4E5F-BB45-139E28D1DC39}.Cluster|ARM32.Build.0 = Cluster|ARM32
		{ED885439-281E-4E5F-BB45-139E28D1DC39}.Cluster|ARM64.ActiveCfg = Cluster|ARM64
		{ED885439-281E-4E5F-BB45-139E28D1DC39}.Cluster|ARM64.Build.0 = Cluster|ARM64
		{ED885439-281E-4E5F-BB45-139E28D1DC39}.Cluster|x64.ActiveCfg = Cluster|x64
		{ED885439-281E-4E5F-BB45-139E28D1DC39}.Cluster|x64.Build.0 = Cluster|x64
		{ED885439-281E-4E5F-BB45-139E28D1DC39}.Cluster|x86.ActiveCfg = Cluster|x86
		{ED885439-281E-4E5F-BB45-139E28D1DC39}.Cluster|x86.Build.0 = Cluster|x86
		{ED885439-281E-4E5F-BB45-139E28D1DC39}.Debug|Any CPU.ActiveCfg = Debug|Any CPU
		{ED885439-281E-4E5F-BB45-139E28D1DC39}.Debug|Any CPU.Build.0 = Debug|Any CPU
		{ED885439-281E-4E5F-BB45-139E28D1DC39}.Debug|ARM32.ActiveCfg = Debug|ARM32
		{ED885439-281E-4E5F-BB45-139E28D1DC39}.Debug|ARM32.Build.0 = Debug|ARM32
		{ED885439-281E-4E5F-BB45-139E28D1DC39}.Debug|ARM64.ActiveCfg = Debug|ARM64
		{ED885439-281E-4E5F-BB45-139E28D1DC39}.Debug|ARM64.Build.0 = Debug|ARM64
		{ED885439-281E-4E5F-BB45-139E28D1DC39}.Debug|x64.ActiveCfg = Debug|x64
		{ED885439-281E-4E5F-BB45-139E28D1DC39}.Debug|x64.Build.0 = Debug|x64
		{ED885439-281E-4E5F-BB45-139E28D1DC39}.Debug|x86.ActiveCfg = Debug|x86
		{ED885439-281E-4E5F-BB45-139E28D1DC39}.Debug|x86.Build.0 = Debug|x86
		{ED885439-281E-4E5F-BB45-139E28D1DC39}.Release|Any CPU.ActiveCfg = Release|Any CPU
		{ED885439-281E-4E5F-BB45-139E28D1DC39}.Release|Any CPU.Build.0 = Release|Any CPU
		{ED885439-281E-4E5F-BB45-139E28D1DC39}.Release|ARM32.ActiveCfg = Release|ARM32
		{ED885439-281E-4E5F-BB45-139E28D1DC39}.Release|ARM32.Build.0 = Release|ARM32
		{ED885439-281E-4E5F-BB45-139E28D1DC39}.Release|ARM64.ActiveCfg = Release|ARM64
		{ED885439-281E-4E5F-BB45-139E28D1DC39}.Release|ARM64.Build.0 = Release|ARM64
		{ED885439-281E-4E5F-BB45-139E28D1DC39}.Release|x64.ActiveCfg = Release|x64
		{ED885439-281E-4E5F-BB45-139E28D1DC39}.Release|x64.Build.0 = Release|x64
		{ED885439-281E-4E5F-BB45-139E28D1DC39}.Release|x86.ActiveCfg = Release|x86
		{ED885439-281E-4E5F-BB45-139E28D1DC39}.Release|x86.Build.0 = Release|x86
		{B4E679E2-FDAA-4BBA-8E8F-9250269A36EA}.Cluster|Any CPU.ActiveCfg = Cluster|Any CPU
		{B4E679E2-FDAA-4BBA-8E8F-9250269A36EA}.Cluster|Any CPU.Build.0 = Cluster|Any CPU
		{B4E679E2-FDAA-4BBA-8E8F-9250269A36EA}.Cluster|ARM32.ActiveCfg = Cluster|ARM32
		{B4E679E2-FDAA-4BBA-8E8F-9250269A36EA}.Cluster|ARM32.Build.0 = Cluster|ARM32
		{B4E679E2-FDAA-4BBA-8E8F-9250269A36EA}.Cluster|ARM64.ActiveCfg = Cluster|ARM64
		{B4E679E2-FDAA-4BBA-8E8F-9250269A36EA}.Cluster|ARM64.Build.0 = Cluster|ARM64
		{B4E679E2-FDAA-4BBA-8E8F-9250269A36EA}.Cluster|x64.ActiveCfg = Cluster|x64
		{B4E679E2-FDAA-4BBA-8E8F-9250269A36EA}.Cluster|x64.Build.0 = Cluster|x64
		{B4E679E2-FDAA-4BBA-8E8F-9250269A36EA}.Cluster|x86.ActiveCfg = Cluster|x86
		{B4E679E2-FDAA-4BBA-8E8F-9250269A36EA}.Cluster|x86.Build.0 = Cluster|x86
		{B4E679E2-FDAA-4BBA-8E8F-9250269A36EA}.Debug|Any CPU.ActiveCfg = Debug|Any CPU
		{B4E679E2-FDAA-4BBA-8E8F-9250269A36EA}.Debug|Any CPU.Build.0 = Debug|Any CPU
		{B4E679E2-FDAA-4BBA-8E8F-9250269A36EA}.Debug|ARM32.ActiveCfg = Debug|ARM32
		{B4E679E2-FDAA-4BBA-8E8F-9250269A36EA}.Debug|ARM32.Build.0 = Debug|ARM32
		{B4E679E2-FDAA-4BBA-8E8F-9250269A36EA}.Debug|ARM64.ActiveCfg = Debug|ARM64
		{B4E679E2-FDAA-4BBA-8E8F-9250269A36EA}.Debug|ARM64.Build.0 = Debug|ARM64
		{B4E679E2-FDAA-4BBA-8E8F-9250269A36EA}.Debug|x64.ActiveCfg = Debug|x64
		{B4E679E2-FDAA-4BBA-8E8F-9250269A36EA}.Debug|x64.Build.0 = Debug|x64
		{B4E679E2-FDAA-4BBA-8E8F-9250269A36EA}.Debug|x86.ActiveCfg = Debug|x86
		{B4E679E2-FDAA-4BBA-8E8F-9250269A36EA}.Debug|x86.Build.0 = Debug|x86
		{B4E679E2-FDAA-4BBA-8E8F-9250269A36EA}.Release|Any CPU.ActiveCfg = Release|Any CPU
		{B4E679E2-FDAA-4BBA-8E8F-9250269A36EA}.Release|Any CPU.Build.0 = Release|Any CPU
		{B4E679E2-FDAA-4BBA-8E8F-9250269A36EA}.Release|ARM32.ActiveCfg = Release|ARM32
		{B4E679E2-FDAA-4BBA-8E8F-9250269A36EA}.Release|ARM32.Build.0 = Release|ARM32
		{B4E679E2-FDAA-4BBA-8E8F-9250269A36EA}.Release|ARM64.ActiveCfg = Release|ARM64
		{B4E679E2-FDAA-4BBA-8E8F-9250269A36EA}.Release|ARM64.Build.0 = Release|ARM64
		{B4E679E2-FDAA-4BBA-8E8F-9250269A36EA}.Release|x64.ActiveCfg = Release|x64
		{B4E679E2-FDAA-4BBA-8E8F-9250269A36EA}.Release|x64.Build.0 = Release|x64
		{B4E679E2-FDAA-4BBA-8E8F-9250269A36EA}.Release|x86.ActiveCfg = Release|x86
		{B4E679E2-FDAA-4BBA-8E8F-9250269A36EA}.Release|x86.Build.0 = Release|x86
		{4451EC85-3A52-4CC8-93CF-CA518F83B719}.Debug|Any CPU.ActiveCfg = Debug|Any CPU
		{4451EC85-3A52-4CC8-93CF-CA518F83B719}.Debug|Any CPU.Build.0 = Debug|Any CPU
		{4451EC85-3A52-4CC8-93CF-CA518F83B719}.Debug|ARM32.ActiveCfg = Debug|ARM32
		{4451EC85-3A52-4CC8-93CF-CA518F83B719}.Debug|ARM32.Build.0 = Debug|ARM32
		{4451EC85-3A52-4CC8-93CF-CA518F83B719}.Debug|ARM64.ActiveCfg = Debug|ARM64
		{4451EC85-3A52-4CC8-93CF-CA518F83B719}.Debug|ARM64.Build.0 = Debug|ARM64
		{4451EC85-3A52-4CC8-93CF-CA518F83B719}.Debug|x64.ActiveCfg = Debug|x64
		{4451EC85-3A52-4CC8-93CF-CA518F83B719}.Debug|x64.Build.0 = Debug|x64
		{4451EC85-3A52-4CC8-93CF-CA518F83B719}.Debug|x86.ActiveCfg = Debug|x86
		{4451EC85-3A52-4CC8-93CF-CA518F83B719}.Debug|x86.Build.0 = Debug|x86
		{4451EC85-3A52-4CC8-93CF-CA518F83B719}.Release|Any CPU.ActiveCfg = Release|Any CPU
		{4451EC85-3A52-4CC8-93CF-CA518F83B719}.Release|Any CPU.Build.0 = Release|Any CPU
		{4451EC85-3A52-4CC8-93CF-CA518F83B719}.Release|ARM32.ActiveCfg = Release|ARM32
		{4451EC85-3A52-4CC8-93CF-CA518F83B719}.Release|ARM32.Build.0 = Release|ARM32
		{4451EC85-3A52-4CC8-93CF-CA518F83B719}.Release|ARM64.ActiveCfg = Release|ARM64
		{4451EC85-3A52-4CC8-93CF-CA518F83B719}.Release|ARM64.Build.0 = Release|ARM64
		{4451EC85-3A52-4CC8-93CF-CA518F83B719}.Release|x64.ActiveCfg = Release|x64
		{4451EC85-3A52-4CC8-93CF-CA518F83B719}.Release|x64.Build.0 = Release|x64
		{4451EC85-3A52-4CC8-93CF-CA518F83B719}.Release|x86.ActiveCfg = Release|x86
		{4451EC85-3A52-4CC8-93CF-CA518F83B719}.Release|x86.Build.0 = Release|x86
		{4451EC85-3A52-4CC8-93CF-CA518F83B719}.Cluster|Any CPU.ActiveCfg = Cluster|Any CPU
		{4451EC85-3A52-4CC8-93CF-CA518F83B719}.Cluster|Any CPU.Build.0 = Cluster|Any CPU
		{4451EC85-3A52-4CC8-93CF-CA518F83B719}.Cluster|ARM32.ActiveCfg = Cluster|ARM32
		{4451EC85-3A52-4CC8-93CF-CA518F83B719}.Cluster|ARM32.Build.0 = Cluster|ARM32
		{4451EC85-3A52-4CC8-93CF-CA518F83B719}.Cluster|ARM64.ActiveCfg = Cluster|ARM64
		{4451EC85-3A52-4CC8-93CF-CA518F83B719}.Cluster|ARM64.Build.0 = Cluster|ARM64
		{4451EC85-3A52-4CC8-93CF-CA518F83B719}.Cluster|x86.ActiveCfg = Cluster|x86
		{4451EC85-3A52-4CC8-93CF-CA518F83B719}.Cluster|x86.Build.0 = Cluster|x86
		{4451EC85-3A52-4CC8-93CF-CA518F83B719}.Cluster|x64.ActiveCfg = Cluster|x64
		{4451EC85-3A52-4CC8-93CF-CA518F83B719}.Cluster|x64.Build.0 = Cluster|x64
		{1185E617-133A-4B88-AF8C-F8D04E433868}.Debug|Any CPU.ActiveCfg = Debug|Any CPU
		{1185E617-133A-4B88-AF8C-F8D04E433868}.Debug|Any CPU.Build.0 = Debug|Any CPU
		{1185E617-133A-4B88-AF8C-F8D04E433868}.Debug|ARM32.ActiveCfg = Debug|ARM32
		{1185E617-133A-4B88-AF8C-F8D04E433868}.Debug|ARM32.Build.0 = Debug|ARM32
		{1185E617-133A-4B88-AF8C-F8D04E433868}.Debug|ARM64.ActiveCfg = Debug|ARM64
		{1185E617-133A-4B88-AF8C-F8D04E433868}.Debug|ARM64.Build.0 = Debug|ARM64
		{1185E617-133A-4B88-AF8C-F8D04E433868}.Debug|x64.ActiveCfg = Debug|x64
		{1185E617-133A-4B88-AF8C-F8D04E433868}.Debug|x64.Build.0 = Debug|x64
		{1185E617-133A-4B88-AF8C-F8D04E433868}.Debug|x86.ActiveCfg = Debug|x86
		{1185E617-133A-4B88-AF8C-F8D04E433868}.Debug|x86.Build.0 = Debug|x86
		{1185E617-133A-4B88-AF8C-F8D04E433868}.Release|Any CPU.ActiveCfg = Release|Any CPU
		{1185E617-133A-4B88-AF8C-F8D04E433868}.Release|Any CPU.Build.0 = Release|Any CPU
		{1185E617-133A-4B88-AF8C-F8D04E433868}.Release|ARM32.ActiveCfg = Release|ARM32
		{1185E617-133A-4B88-AF8C-F8D04E433868}.Release|ARM32.Build.0 = Release|ARM32
		{1185E617-133A-4B88-AF8C-F8D04E433868}.Release|ARM64.ActiveCfg = Release|ARM64
		{1185E617-133A-4B88-AF8C-F8D04E433868}.Release|ARM64.Build.0 = Release|ARM64
		{1185E617-133A-4B88-AF8C-F8D04E433868}.Release|x64.ActiveCfg = Release|x64
		{1185E617-133A-4B88-AF8C-F8D04E433868}.Release|x64.Build.0 = Release|x64
		{1185E617-133A-4B88-AF8C-F8D04E433868}.Release|x86.ActiveCfg = Release|x86
		{1185E617-133A-4B88-AF8C-F8D04E433868}.Release|x86.Build.0 = Release|x86
		{1185E617-133A-4B88-AF8C-F8D04E433868}.Cluster|Any CPU.ActiveCfg = Cluster|Any CPU
		{1185E617-133A-4B88-AF8C-F8D04E433868}.Cluster|Any CPU.Build.0 = Cluster|Any CPU
		{1185E617-133A-4B88-AF8C-F8D04E433868}.Cluster|ARM32.ActiveCfg = Cluster|ARM32
		{1185E617-133A-4B88-AF8C-F8D04E433868}.Cluster|ARM32.Build.0 = Cluster|ARM32
		{1185E617-133A-4B88-AF8C-F8D04E433868}.Cluster|ARM64.ActiveCfg = Cluster|ARM64
		{1185E617-133A-4B88-AF8C-F8D04E433868}.Cluster|ARM64.Build.0 = Cluster|ARM64
		{1185E617-133A-4B88-AF8C-F8D04E433868}.Cluster|x86.ActiveCfg = Cluster|x86
		{1185E617-133A-4B88-AF8C-F8D04E433868}.Cluster|x86.Build.0 = Cluster|x86
		{1185E617-133A-4B88-AF8C-F8D04E433868}.Cluster|x64.ActiveCfg = Cluster|x64
		{1185E617-133A-4B88-AF8C-F8D04E433868}.Cluster|x64.Build.0 = Cluster|x64
		{0504F6FA-EF69-419A-B463-FA4413C51724}.Debug|Any CPU.ActiveCfg = Debug|Any CPU
		{0504F6FA-EF69-419A-B463-FA4413C51724}.Debug|Any CPU.Build.0 = Debug|Any CPU
		{0504F6FA-EF69-419A-B463-FA4413C51724}.Debug|ARM32.ActiveCfg = Debug|ARM32
		{0504F6FA-EF69-419A-B463-FA4413C51724}.Debug|ARM32.Build.0 = Debug|ARM32
		{0504F6FA-EF69-419A-B463-FA4413C51724}.Debug|ARM64.ActiveCfg = Debug|ARM64
		{0504F6FA-EF69-419A-B463-FA4413C51724}.Debug|ARM64.Build.0 = Debug|ARM64
		{0504F6FA-EF69-419A-B463-FA4413C51724}.Debug|x64.ActiveCfg = Debug|x64
		{0504F6FA-EF69-419A-B463-FA4413C51724}.Debug|x64.Build.0 = Debug|x64
		{0504F6FA-EF69-419A-B463-FA4413C51724}.Debug|x86.ActiveCfg = Debug|x86
		{0504F6FA-EF69-419A-B463-FA4413C51724}.Debug|x86.Build.0 = Debug|x86
		{0504F6FA-EF69-419A-B463-FA4413C51724}.Release|Any CPU.ActiveCfg = Release|Any CPU
		{0504F6FA-EF69-419A-B463-FA4413C51724}.Release|Any CPU.Build.0 = Release|Any CPU
		{0504F6FA-EF69-419A-B463-FA4413C51724}.Release|ARM32.ActiveCfg = Release|ARM32
		{0504F6FA-EF69-419A-B463-FA4413C51724}.Release|ARM32.Build.0 = Release|ARM32
		{0504F6FA-EF69-419A-B463-FA4413C51724}.Release|ARM64.ActiveCfg = Release|ARM64
		{0504F6FA-EF69-419A-B463-FA4413C51724}.Release|ARM64.Build.0 = Release|ARM64
		{0504F6FA-EF69-419A-B463-FA4413C51724}.Release|x64.ActiveCfg = Release|x64
		{0504F6FA-EF69-419A-B463-FA4413C51724}.Release|x64.Build.0 = Release|x64
		{0504F6FA-EF69-419A-B463-FA4413C51724}.Release|x86.ActiveCfg = Release|x86
		{0504F6FA-EF69-419A-B463-FA4413C51724}.Release|x86.Build.0 = Release|x86
		{0504F6FA-EF69-419A-B463-FA4413C51724}.Cluster|Any CPU.ActiveCfg = Cluster|Any CPU
		{0504F6FA-EF69-419A-B463-FA4413C51724}.Cluster|Any CPU.Build.0 = Cluster|Any CPU
		{0504F6FA-EF69-419A-B463-FA4413C51724}.Cluster|ARM32.ActiveCfg = Cluster|ARM32
		{0504F6FA-EF69-419A-B463-FA4413C51724}.Cluster|ARM32.Build.0 = Cluster|ARM32
		{0504F6FA-EF69-419A-B463-FA4413C51724}.Cluster|ARM64.ActiveCfg = Cluster|ARM64
		{0504F6FA-EF69-419A-B463-FA4413C51724}.Cluster|ARM64.Build.0 = Cluster|ARM64
		{0504F6FA-EF69-419A-B463-FA4413C51724}.Cluster|x86.ActiveCfg = Cluster|x86
		{0504F6FA-EF69-419A-B463-FA4413C51724}.Cluster|x86.Build.0 = Cluster|x86
		{0504F6FA-EF69-419A-B463-FA4413C51724}.Cluster|x64.ActiveCfg = Cluster|x64
		{0504F6FA-EF69-419A-B463-FA4413C51724}.Cluster|x64.Build.0 = Cluster|x64
		{E07DE456-6395-4B2B-B6CF-7CB66F5EA30C}.Debug|Any CPU.ActiveCfg = Debug|Any CPU
		{E07DE456-6395-4B2B-B6CF-7CB66F5EA30C}.Debug|Any CPU.Build.0 = Debug|Any CPU
		{E07DE456-6395-4B2B-B6CF-7CB66F5EA30C}.Debug|ARM32.ActiveCfg = Debug|ARM32
		{E07DE456-6395-4B2B-B6CF-7CB66F5EA30C}.Debug|ARM32.Build.0 = Debug|ARM32
		{E07DE456-6395-4B2B-B6CF-7CB66F5EA30C}.Debug|ARM64.ActiveCfg = Debug|ARM64
		{E07DE456-6395-4B2B-B6CF-7CB66F5EA30C}.Debug|ARM64.Build.0 = Debug|ARM64
		{E07DE456-6395-4B2B-B6CF-7CB66F5EA30C}.Debug|x64.ActiveCfg = Debug|x64
		{E07DE456-6395-4B2B-B6CF-7CB66F5EA30C}.Debug|x64.Build.0 = Debug|x64
		{E07DE456-6395-4B2B-B6CF-7CB66F5EA30C}.Debug|x86.ActiveCfg = Debug|x86
		{E07DE456-6395-4B2B-B6CF-7CB66F5EA30C}.Debug|x86.Build.0 = Debug|x86
		{E07DE456-6395-4B2B-B6CF-7CB66F5EA30C}.Release|Any CPU.ActiveCfg = Release|Any CPU
		{E07DE456-6395-4B2B-B6CF-7CB66F5EA30C}.Release|Any CPU.Build.0 = Release|Any CPU
		{E07DE456-6395-4B2B-B6CF-7CB66F5EA30C}.Release|ARM32.ActiveCfg = Release|ARM32
		{E07DE456-6395-4B2B-B6CF-7CB66F5EA30C}.Release|ARM32.Build.0 = Release|ARM32
		{E07DE456-6395-4B2B-B6CF-7CB66F5EA30C}.Release|ARM64.ActiveCfg = Release|ARM64
		{E07DE456-6395-4B2B-B6CF-7CB66F5EA30C}.Release|ARM64.Build.0 = Release|ARM64
		{E07DE456-6395-4B2B-B6CF-7CB66F5EA30C}.Release|x64.ActiveCfg = Release|x64
		{E07DE456-6395-4B2B-B6CF-7CB66F5EA30C}.Release|x64.Build.0 = Release|x64
		{E07DE456-6395-4B2B-B6CF-7CB66F5EA30C}.Release|x86.ActiveCfg = Release|x86
		{E07DE456-6395-4B2B-B6CF-7CB66F5EA30C}.Release|x86.Build.0 = Release|x86
		{E07DE456-6395-4B2B-B6CF-7CB66F5EA30C}.Cluster|Any CPU.ActiveCfg = Cluster|Any CPU
		{E07DE456-6395-4B2B-B6CF-7CB66F5EA30C}.Cluster|Any CPU.Build.0 = Cluster|Any CPU
		{E07DE456-6395-4B2B-B6CF-7CB66F5EA30C}.Cluster|ARM32.ActiveCfg = Cluster|ARM32
		{E07DE456-6395-4B2B-B6CF-7CB66F5EA30C}.Cluster|ARM32.Build.0 = Cluster|ARM32
		{E07DE456-6395-4B2B-B6CF-7CB66F5EA30C}.Cluster|ARM64.ActiveCfg = Cluster|ARM64
		{E07DE456-6395-4B2B-B6CF-7CB66F5EA30C}.Cluster|ARM64.Build.0 = Cluster|ARM64
		{E07DE456-6395-4B2B-B6CF-7CB66F5EA30C}.Cluster|x86.ActiveCfg = Cluster|x86
		{E07DE456-6395-4B2B-B6CF-7CB66F5EA30C}.Cluster|x86.Build.0 = Cluster|x86
		{E07DE456-6395-4B2B-B6CF-7CB66F5EA30C}.Cluster|x64.ActiveCfg = Cluster|x64
		{E07DE456-6395-4B2B-B6CF-7CB66F5EA30C}.Cluster|x64.Build.0 = Cluster|x64
	EndGlobalSection
	GlobalSection(SolutionProperties) = preSolution
		HideSolutionNode = FALSE
	EndGlobalSection
	GlobalSection(NestedProjects) = preSolution
		{5A33A95E-21B1-4FB7-8706-22EBB7CC49FE} = {1F9B76FE-3A57-4AB5-8657-3EAB232B84AF}
		{A4C39FE1-D8C2-493F-9F9B-461D824F6089} = {59A90A46-8DF0-4650-980D-ECB31866C39C}
		{ED885439-281E-4E5F-BB45-139E28D1DC39} = {59A90A46-8DF0-4650-980D-ECB31866C39C}
		{2E093943-8EED-4B40-9220-DF1EA11CBE5D} = {59A90A46-8DF0-4650-980D-ECB31866C39C}
		{B4E679E2-FDAA-4BBA-8E8F-9250269A36EA} = {2E093943-8EED-4B40-9220-DF1EA11CBE5D}
		{4451EC85-3A52-4CC8-93CF-CA518F83B719} = {59A90A46-8DF0-4650-980D-ECB31866C39C}
		{1185E617-133A-4B88-AF8C-F8D04E433868} = {59A90A46-8DF0-4650-980D-ECB31866C39C}
		{0504F6FA-EF69-419A-B463-FA4413C51724} = {59A90A46-8DF0-4650-980D-ECB31866C39C}
		{E07DE456-6395-4B2B-B6CF-7CB66F5EA30C} = {59A90A46-8DF0-4650-980D-ECB31866C39C}
	EndGlobalSection
	GlobalSection(ExtensibilityGlobals) = postSolution
		SolutionGuid = {3D6B7E96-5169-4380-ADCD-B781CDCE795C}
	EndGlobalSection
EndGlobal
