
Microsoft Visual Studio Solution File, Format Version 12.00
# Visual Studio Version 17
VisualStudioVersion = 17.8.34316.72
MinimumVisualStudioVersion = 10.0.40219.1
Project("{2150E333-8FDC-42A3-9474-1A3956D46DE8}") = "Tests", "Tests", "{1F9B76FE-3A57-4AB5-8657-3EAB232B84AF}"
EndProject
Project("{9A19103F-16F7-4668-BE54-9A1E7A4F7556}") = "RapidStreamer.UnitTests", "Tests\RapidStreamer.UnitTests\RapidStreamer.UnitTests.csproj", "{5A33A95E-21B1-4FB7-8706-22EBB7CC49FE}"
EndProject
Project("{2150E333-8FDC-42A3-9474-1A3956D46DE8}") = "Channels", "Channels", "{59A90A46-8DF0-4650-980D-ECB31866C39C}"
EndProject
Project("{9A19103F-16F7-4668-BE54-9A1E7A4F7556}") = "RapidStreamer.Channels.Clock", "Channels\RapidStreamer.Channels.Clock\RapidStreamer.Channels.Clock.csproj", "{A4C39FE1-D8C2-493F-9F9B-461D824F6089}"
EndProject
Project("{9A19103F-16F7-4668-BE54-9A1E7A4F7556}") = "RapidStreamer.Channels.Notifications", "Channels\RapidStreamer.Channels.Notifications\RapidStreamer.Channels.Notifications.csproj", "{ED885439-281E-4E5F-BB45-139E28D1DC39}"
EndProject
Project("{2150E333-8FDC-42A3-9474-1A3956D46DE8}") = "Games", "Games", "{2E093943-8EED-4B40-9220-DF1EA11CBE5D}"
EndProject
Project("{9A19103F-16F7-4668-BE54-9A1E7A4F7556}") = "RapidStreamer.Channels.Games.RockPaperScissors", "Channels\Games\RapidStreamer.Channels.Games.RockPaperScissors\RapidStreamer.Channels.Games.RockPaperScissors.csproj", "{B4E679E2-FDAA-4BBA-8E8F-9250269A36EA}"
EndProject
Project("{2150E333-8FDC-42A3-9474-1A3956D46DE8}") = "Solution Items", "Solution Items", "{1ACE9E2E-4250-4D9A-8079-07D839222B67}"
	ProjectSection(SolutionItems) = preProject
		.editorconfig = .editorconfig
		.gitignore = .gitignore
		RapidStreamer.png = RapidStreamer.png
		RapidStreamer.svg = RapidStreamer.svg
		README.md = README.md
	EndProjectSection
EndProject
Project("{9A19103F-16F7-4668-BE54-9A1E7A4F7556}") = "RapidStreamer.Channels.ResourceMonitoring", "Channels\RapidStreamer.Channels.ResourceMonitoring\RapidStreamer.Channels.ResourceMonitoring.csproj", "{4451EC85-3A52-4CC8-93CF-CA518F83B719}"
EndProject
Project("{9A19103F-16F7-4668-BE54-9A1E7A4F7556}") = "RapidStreamer.Channels.NetworkMonitoring", "Channels\RapidStreamer.Channels.NetworkMonitoring\RapidStreamer.Channels.NetworkMonitoring.csproj", "{1185E617-133A-4B88-AF8C-F8D04E433868}"
EndProject
Project("{9A19103F-16F7-4668-BE54-9A1E7A4F7556}") = "RapidStreamer.Channels.Throughput", "Channels\RapidStreamer.Channels.Throughput\RapidStreamer.Channels.Throughput.csproj", "{0504F6FA-EF69-419A-B463-FA4413C51724}"
EndProject
Project("{9A19103F-16F7-4668-BE54-9A1E7A4F7556}") = "RapidStreamer.Channels.TimeZones", "Channels\RapidStreamer.Channels.TimeZones\RapidStreamer.Channels.TimeZones.csproj", "{E07DE456-6395-4B2B-B6CF-7CB66F5EA30C}"
EndProject
Project("{2150E333-8FDC-42A3-9474-1A3956D46DE8}") = ".github", ".github", "{E6619AC8-39A0-40B8-9504-1970280517F3}"
EndProject
Project("{2150E333-8FDC-42A3-9474-1A3956D46DE8}") = "workflows", "workflows", "{3A3F7D2D-44AD-4D4A-B281-640F95AE8682}"
	ProjectSection(SolutionItems) = preProject
		.github\workflows\pack-and-push.yml = .github\workflows\pack-and-push.yml
	EndProjectSection
EndProject
Project("{2150E333-8FDC-42A3-9474-1A3956D46DE8}") = "Demo", "Demo", "{33E4743A-17E0-4C90-B4F6-6581B72E1069}"
EndProject
Project("{FAE04EC0-301F-11D3-BF4B-00C04F79EFBC}") = "RapidStreamer.Channels.Demo.Portfolio", "Channels\Demo\RapidStreamer.Channels.Demo.Portfolio\RapidStreamer.Channels.Demo.Portfolio.csproj", "{FDBCA488-5502-46F1-BF80-D881F71D333C}"
EndProject
Project("{FAE04EC0-301F-11D3-BF4B-00C04F79EFBC}") = "RapidStreamer.Channels.Demo.StockListBasic", "Channels\Demo\RapidStreamer.Channels.Demo.StockListBasic\RapidStreamer.Channels.Demo.StockListBasic.csproj", "{CADC523C-4AD4-4403-BDBA-B2A7B28CC49F}"
EndProject
Project("{FAE04EC0-301F-11D3-BF4B-00C04F79EFBC}") = "RapidStreamer.Channels.Demo.Airport", "Channels\Demo\RapidStreamer.Channels.Demo.Airport\RapidStreamer.Channels.Demo.Airport.csproj", "{962883FA-6051-437C-88E8-59B1D067136C}"
EndProject
Project("{FAE04EC0-301F-11D3-BF4B-00C04F79EFBC}") = "RapidStreamer.Channels.Games.TicTacToe", "Channels\Games\RapidStreamer.Channels.Games.TicTacToe\RapidStreamer.Channels.Games.TicTacToe.csproj", "{318A3C60-C907-48D1-8F29-479ED40679AA}"
EndProject
Project("{2150E333-8FDC-42A3-9474-1A3956D46DE8}") = "Demo", "Demo", "{D5CB83E5-A218-422A-995B-C7122ED3F95D}"
EndProject
Project("{FAE04EC0-301F-11D3-BF4B-00C04F79EFBC}") = "RapidStreamer.Channels.Demo.Airport.UnitTests", "Tests\Demo\RapidStreamer.Channels.Demo.Airport.UnitTests\RapidStreamer.Channels.Demo.Airport.UnitTests.csproj", "{72E6BBC5-37E0-4348-B7A3-0F314D36B25E}"
EndProject
Global
	GlobalSection(SolutionConfigurationPlatforms) = preSolution
		Debug|Any CPU = Debug|Any CPU
		Debug|ARM64 = Debug|ARM64
		Debug|x64 = Debug|x64
		Debug|x86 = Debug|x86
		Release|Any CPU = Release|Any CPU
		Release|ARM64 = Release|ARM64
		Release|x64 = Release|x64
		Release|x86 = Release|x86
	EndGlobalSection
	GlobalSection(ProjectConfigurationPlatforms) = postSolution
		{5A33A95E-21B1-4FB7-8706-22EBB7CC49FE}.Debug|Any CPU.ActiveCfg = Debug|Any CPU
		{5A33A95E-21B1-4FB7-8706-22EBB7CC49FE}.Debug|Any CPU.Build.0 = Debug|Any CPU
		{5A33A95E-21B1-4FB7-8706-22EBB7CC49FE}.Debug|x64.ActiveCfg = Debug|x64
		{5A33A95E-21B1-4FB7-8706-22EBB7CC49FE}.Debug|x64.Build.0 = Debug|x64
		{5A33A95E-21B1-4FB7-8706-22EBB7CC49FE}.Debug|x86.ActiveCfg = Debug|x86
		{5A33A95E-21B1-4FB7-8706-22EBB7CC49FE}.Debug|x86.Build.0 = Debug|x86
		{A4C39FE1-D8C2-493F-9F9B-461D824F6089}.Debug|Any CPU.ActiveCfg = Debug|Any CPU
		{A4C39FE1-D8C2-493F-9F9B-461D824F6089}.Debug|Any CPU.Build.0 = Debug|Any CPU
		{A4C39FE1-D8C2-493F-9F9B-461D824F6089}.Debug|ARM64.ActiveCfg = Debug|ARM64
		{A4C39FE1-D8C2-493F-9F9B-461D824F6089}.Debug|ARM64.Build.0 = Debug|ARM64
		{A4C39FE1-D8C2-493F-9F9B-461D824F6089}.Debug|x64.ActiveCfg = Debug|x64
		{A4C39FE1-D8C2-493F-9F9B-461D824F6089}.Debug|x64.Build.0 = Debug|x64
		{A4C39FE1-D8C2-493F-9F9B-461D824F6089}.Debug|x86.ActiveCfg = Debug|x86
		{A4C39FE1-D8C2-493F-9F9B-461D824F6089}.Debug|x86.Build.0 = Debug|x86
		{A4C39FE1-D8C2-493F-9F9B-461D824F6089}.Release|Any CPU.ActiveCfg = Release|Any CPU
		{A4C39FE1-D8C2-493F-9F9B-461D824F6089}.Release|Any CPU.Build.0 = Release|Any CPU
		{A4C39FE1-D8C2-493F-9F9B-461D824F6089}.Release|ARM64.ActiveCfg = Release|ARM64
		{A4C39FE1-D8C2-493F-9F9B-461D824F6089}.Release|ARM64.Build.0 = Release|ARM64
		{A4C39FE1-D8C2-493F-9F9B-461D824F6089}.Release|x64.ActiveCfg = Release|x64
		{A4C39FE1-D8C2-493F-9F9B-461D824F6089}.Release|x64.Build.0 = Release|x64
		{A4C39FE1-D8C2-493F-9F9B-461D824F6089}.Release|x86.ActiveCfg = Release|x86
		{A4C39FE1-D8C2-493F-9F9B-461D824F6089}.Release|x86.Build.0 = Release|x86
		{ED885439-281E-4E5F-BB45-139E28D1DC39}.Debug|Any CPU.ActiveCfg = Debug|Any CPU
		{ED885439-281E-4E5F-BB45-139E28D1DC39}.Debug|Any CPU.Build.0 = Debug|Any CPU
		{ED885439-281E-4E5F-BB45-139E28D1DC39}.Debug|ARM64.ActiveCfg = Debug|ARM64
		{ED885439-281E-4E5F-BB45-139E28D1DC39}.Debug|ARM64.Build.0 = Debug|ARM64
		{ED885439-281E-4E5F-BB45-139E28D1DC39}.Debug|x64.ActiveCfg = Debug|x64
		{ED885439-281E-4E5F-BB45-139E28D1DC39}.Debug|x64.Build.0 = Debug|x64
		{ED885439-281E-4E5F-BB45-139E28D1DC39}.Debug|x86.ActiveCfg = Debug|x86
		{ED885439-281E-4E5F-BB45-139E28D1DC39}.Debug|x86.Build.0 = Debug|x86
		{ED885439-281E-4E5F-BB45-139E28D1DC39}.Release|Any CPU.ActiveCfg = Release|Any CPU
		{ED885439-281E-4E5F-BB45-139E28D1DC39}.Release|Any CPU.Build.0 = Release|Any CPU
		{ED885439-281E-4E5F-BB45-139E28D1DC39}.Release|ARM64.ActiveCfg = Release|ARM64
		{ED885439-281E-4E5F-BB45-139E28D1DC39}.Release|ARM64.Build.0 = Release|ARM64
		{ED885439-281E-4E5F-BB45-139E28D1DC39}.Release|x64.ActiveCfg = Release|x64
		{ED885439-281E-4E5F-BB45-139E28D1DC39}.Release|x64.Build.0 = Release|x64
		{ED885439-281E-4E5F-BB45-139E28D1DC39}.Release|x86.ActiveCfg = Release|x86
		{ED885439-281E-4E5F-BB45-139E28D1DC39}.Release|x86.Build.0 = Release|x86
		{B4E679E2-FDAA-4BBA-8E8F-9250269A36EA}.Debug|Any CPU.ActiveCfg = Debug|Any CPU
		{B4E679E2-FDAA-4BBA-8E8F-9250269A36EA}.Debug|Any CPU.Build.0 = Debug|Any CPU
		{B4E679E2-FDAA-4BBA-8E8F-9250269A36EA}.Debug|ARM64.ActiveCfg = Debug|ARM64
		{B4E679E2-FDAA-4BBA-8E8F-9250269A36EA}.Debug|ARM64.Build.0 = Debug|ARM64
		{B4E679E2-FDAA-4BBA-8E8F-9250269A36EA}.Debug|x64.ActiveCfg = Debug|x64
		{B4E679E2-FDAA-4BBA-8E8F-9250269A36EA}.Debug|x64.Build.0 = Debug|x64
		{B4E679E2-FDAA-4BBA-8E8F-9250269A36EA}.Debug|x86.ActiveCfg = Debug|x86
		{B4E679E2-FDAA-4BBA-8E8F-9250269A36EA}.Debug|x86.Build.0 = Debug|x86
		{B4E679E2-FDAA-4BBA-8E8F-9250269A36EA}.Release|Any CPU.ActiveCfg = Release|Any CPU
		{B4E679E2-FDAA-4BBA-8E8F-9250269A36EA}.Release|Any CPU.Build.0 = Release|Any CPU
		{B4E679E2-FDAA-4BBA-8E8F-9250269A36EA}.Release|ARM64.ActiveCfg = Release|ARM64
		{B4E679E2-FDAA-4BBA-8E8F-9250269A36EA}.Release|ARM64.Build.0 = Release|ARM64
		{B4E679E2-FDAA-4BBA-8E8F-9250269A36EA}.Release|x64.ActiveCfg = Release|x64
		{B4E679E2-FDAA-4BBA-8E8F-9250269A36EA}.Release|x64.Build.0 = Release|x64
		{B4E679E2-FDAA-4BBA-8E8F-9250269A36EA}.Release|x86.ActiveCfg = Release|x86
		{B4E679E2-FDAA-4BBA-8E8F-9250269A36EA}.Release|x86.Build.0 = Release|x86
		{4451EC85-3A52-4CC8-93CF-CA518F83B719}.Debug|Any CPU.ActiveCfg = Debug|Any CPU
		{4451EC85-3A52-4CC8-93CF-CA518F83B719}.Debug|Any CPU.Build.0 = Debug|Any CPU
		{4451EC85-3A52-4CC8-93CF-CA518F83B719}.Debug|ARM64.ActiveCfg = Debug|ARM64
		{4451EC85-3A52-4CC8-93CF-CA518F83B719}.Debug|ARM64.Build.0 = Debug|ARM64
		{4451EC85-3A52-4CC8-93CF-CA518F83B719}.Debug|x64.ActiveCfg = Debug|x64
		{4451EC85-3A52-4CC8-93CF-CA518F83B719}.Debug|x64.Build.0 = Debug|x64
		{4451EC85-3A52-4CC8-93CF-CA518F83B719}.Debug|x86.ActiveCfg = Debug|x86
		{4451EC85-3A52-4CC8-93CF-CA518F83B719}.Debug|x86.Build.0 = Debug|x86
		{4451EC85-3A52-4CC8-93CF-CA518F83B719}.Release|Any CPU.ActiveCfg = Release|Any CPU
		{4451EC85-3A52-4CC8-93CF-CA518F83B719}.Release|Any CPU.Build.0 = Release|Any CPU
		{4451EC85-3A52-4CC8-93CF-CA518F83B719}.Release|ARM64.ActiveCfg = Release|ARM64
		{4451EC85-3A52-4CC8-93CF-CA518F83B719}.Release|ARM64.Build.0 = Release|ARM64
		{4451EC85-3A52-4CC8-93CF-CA518F83B719}.Release|x64.ActiveCfg = Release|x64
		{4451EC85-3A52-4CC8-93CF-CA518F83B719}.Release|x64.Build.0 = Release|x64
		{4451EC85-3A52-4CC8-93CF-CA518F83B719}.Release|x86.ActiveCfg = Release|x86
		{4451EC85-3A52-4CC8-93CF-CA518F83B719}.Release|x86.Build.0 = Release|x86
		{1185E617-133A-4B88-AF8C-F8D04E433868}.Debug|Any CPU.ActiveCfg = Debug|Any CPU
		{1185E617-133A-4B88-AF8C-F8D04E433868}.Debug|Any CPU.Build.0 = Debug|Any CPU
		{1185E617-133A-4B88-AF8C-F8D04E433868}.Debug|ARM64.ActiveCfg = Debug|ARM64
		{1185E617-133A-4B88-AF8C-F8D04E433868}.Debug|ARM64.Build.0 = Debug|ARM64
		{1185E617-133A-4B88-AF8C-F8D04E433868}.Debug|x64.ActiveCfg = Debug|x64
		{1185E617-133A-4B88-AF8C-F8D04E433868}.Debug|x64.Build.0 = Debug|x64
		{1185E617-133A-4B88-AF8C-F8D04E433868}.Debug|x86.ActiveCfg = Debug|x86
		{1185E617-133A-4B88-AF8C-F8D04E433868}.Debug|x86.Build.0 = Debug|x86
		{1185E617-133A-4B88-AF8C-F8D04E433868}.Release|Any CPU.ActiveCfg = Release|Any CPU
		{1185E617-133A-4B88-AF8C-F8D04E433868}.Release|Any CPU.Build.0 = Release|Any CPU
		{1185E617-133A-4B88-AF8C-F8D04E433868}.Release|ARM64.ActiveCfg = Release|ARM64
		{1185E617-133A-4B88-AF8C-F8D04E433868}.Release|ARM64.Build.0 = Release|ARM64
		{1185E617-133A-4B88-AF8C-F8D04E433868}.Release|x64.ActiveCfg = Release|x64
		{1185E617-133A-4B88-AF8C-F8D04E433868}.Release|x64.Build.0 = Release|x64
		{1185E617-133A-4B88-AF8C-F8D04E433868}.Release|x86.ActiveCfg = Release|x86
		{1185E617-133A-4B88-AF8C-F8D04E433868}.Release|x86.Build.0 = Release|x86
		{0504F6FA-EF69-419A-B463-FA4413C51724}.Debug|Any CPU.ActiveCfg = Debug|Any CPU
		{0504F6FA-EF69-419A-B463-FA4413C51724}.Debug|Any CPU.Build.0 = Debug|Any CPU
		{0504F6FA-EF69-419A-B463-FA4413C51724}.Debug|ARM64.ActiveCfg = Debug|ARM64
		{0504F6FA-EF69-419A-B463-FA4413C51724}.Debug|ARM64.Build.0 = Debug|ARM64
		{0504F6FA-EF69-419A-B463-FA4413C51724}.Debug|x64.ActiveCfg = Debug|x64
		{0504F6FA-EF69-419A-B463-FA4413C51724}.Debug|x64.Build.0 = Debug|x64
		{0504F6FA-EF69-419A-B463-FA4413C51724}.Debug|x86.ActiveCfg = Debug|x86
		{0504F6FA-EF69-419A-B463-FA4413C51724}.Debug|x86.Build.0 = Debug|x86
		{0504F6FA-EF69-419A-B463-FA4413C51724}.Release|Any CPU.ActiveCfg = Release|Any CPU
		{0504F6FA-EF69-419A-B463-FA4413C51724}.Release|Any CPU.Build.0 = Release|Any CPU
		{0504F6FA-EF69-419A-B463-FA4413C51724}.Release|ARM64.ActiveCfg = Release|ARM64
		{0504F6FA-EF69-419A-B463-FA4413C51724}.Release|ARM64.Build.0 = Release|ARM64
		{0504F6FA-EF69-419A-B463-FA4413C51724}.Release|x64.ActiveCfg = Release|x64
		{0504F6FA-EF69-419A-B463-FA4413C51724}.Release|x64.Build.0 = Release|x64
		{0504F6FA-EF69-419A-B463-FA4413C51724}.Release|x86.ActiveCfg = Release|x86
		{0504F6FA-EF69-419A-B463-FA4413C51724}.Release|x86.Build.0 = Release|x86
		{E07DE456-6395-4B2B-B6CF-7CB66F5EA30C}.Debug|Any CPU.ActiveCfg = Debug|Any CPU
		{E07DE456-6395-4B2B-B6CF-7CB66F5EA30C}.Debug|Any CPU.Build.0 = Debug|Any CPU
		{E07DE456-6395-4B2B-B6CF-7CB66F5EA30C}.Debug|ARM64.ActiveCfg = Debug|ARM64
		{E07DE456-6395-4B2B-B6CF-7CB66F5EA30C}.Debug|ARM64.Build.0 = Debug|ARM64
		{E07DE456-6395-4B2B-B6CF-7CB66F5EA30C}.Debug|x64.ActiveCfg = Debug|x64
		{E07DE456-6395-4B2B-B6CF-7CB66F5EA30C}.Debug|x64.Build.0 = Debug|x64
		{E07DE456-6395-4B2B-B6CF-7CB66F5EA30C}.Debug|x86.ActiveCfg = Debug|x86
		{E07DE456-6395-4B2B-B6CF-7CB66F5EA30C}.Debug|x86.Build.0 = Debug|x86
		{E07DE456-6395-4B2B-B6CF-7CB66F5EA30C}.Release|Any CPU.ActiveCfg = Release|Any CPU
		{E07DE456-6395-4B2B-B6CF-7CB66F5EA30C}.Release|Any CPU.Build.0 = Release|Any CPU
		{E07DE456-6395-4B2B-B6CF-7CB66F5EA30C}.Release|ARM64.ActiveCfg = Release|ARM64
		{E07DE456-6395-4B2B-B6CF-7CB66F5EA30C}.Release|ARM64.Build.0 = Release|ARM64
		{E07DE456-6395-4B2B-B6CF-7CB66F5EA30C}.Release|x64.ActiveCfg = Release|x64
		{E07DE456-6395-4B2B-B6CF-7CB66F5EA30C}.Release|x64.Build.0 = Release|x64
		{E07DE456-6395-4B2B-B6CF-7CB66F5EA30C}.Release|x86.ActiveCfg = Release|x86
		{E07DE456-6395-4B2B-B6CF-7CB66F5EA30C}.Release|x86.Build.0 = Release|x86
		{FDBCA488-5502-46F1-BF80-D881F71D333C}.Debug|Any CPU.ActiveCfg = Debug|Any CPU
		{FDBCA488-5502-46F1-BF80-D881F71D333C}.Debug|Any CPU.Build.0 = Debug|Any CPU
		{FDBCA488-5502-46F1-BF80-D881F71D333C}.Release|Any CPU.ActiveCfg = Release|Any CPU
		{FDBCA488-5502-46F1-BF80-D881F71D333C}.Release|Any CPU.Build.0 = Release|Any CPU
		{FDBCA488-5502-46F1-BF80-D881F71D333C}.Debug|ARM64.ActiveCfg = Debug|ARM64
		{FDBCA488-5502-46F1-BF80-D881F71D333C}.Debug|ARM64.Build.0 = Debug|ARM64
		{FDBCA488-5502-46F1-BF80-D881F71D333C}.Debug|x64.ActiveCfg = Debug|x64
		{FDBCA488-5502-46F1-BF80-D881F71D333C}.Debug|x64.Build.0 = Debug|x64
		{FDBCA488-5502-46F1-BF80-D881F71D333C}.Debug|x86.ActiveCfg = Debug|x86
		{FDBCA488-5502-46F1-BF80-D881F71D333C}.Debug|x86.Build.0 = Debug|x86
		{FDBCA488-5502-46F1-BF80-D881F71D333C}.Release|ARM64.ActiveCfg = Release|ARM64
		{FDBCA488-5502-46F1-BF80-D881F71D333C}.Release|ARM64.Build.0 = Release|ARM64
		{FDBCA488-5502-46F1-BF80-D881F71D333C}.Release|x64.ActiveCfg = Release|x64
		{FDBCA488-5502-46F1-BF80-D881F71D333C}.Release|x64.Build.0 = Release|x64
		{FDBCA488-5502-46F1-BF80-D881F71D333C}.Release|x86.ActiveCfg = Release|x86
		{FDBCA488-5502-46F1-BF80-D881F71D333C}.Release|x86.Build.0 = Release|x86
		{CADC523C-4AD4-4403-BDBA-B2A7B28CC49F}.Debug|Any CPU.ActiveCfg = Debug|Any CPU
		{CADC523C-4AD4-4403-BDBA-B2A7B28CC49F}.Debug|Any CPU.Build.0 = Debug|Any CPU
		{CADC523C-4AD4-4403-BDBA-B2A7B28CC49F}.Release|Any CPU.ActiveCfg = Release|Any CPU
		{CADC523C-4AD4-4403-BDBA-B2A7B28CC49F}.Release|Any CPU.Build.0 = Release|Any CPU
		{CADC523C-4AD4-4403-BDBA-B2A7B28CC49F}.Debug|ARM64.ActiveCfg = Debug|ARM64
		{CADC523C-4AD4-4403-BDBA-B2A7B28CC49F}.Debug|ARM64.Build.0 = Debug|ARM64
		{CADC523C-4AD4-4403-BDBA-B2A7B28CC49F}.Debug|x64.ActiveCfg = Debug|x64
		{CADC523C-4AD4-4403-BDBA-B2A7B28CC49F}.Debug|x64.Build.0 = Debug|x64
		{CADC523C-4AD4-4403-BDBA-B2A7B28CC49F}.Debug|x86.ActiveCfg = Debug|x86
		{CADC523C-4AD4-4403-BDBA-B2A7B28CC49F}.Debug|x86.Build.0 = Debug|x86
		{CADC523C-4AD4-4403-BDBA-B2A7B28CC49F}.Release|ARM64.ActiveCfg = Release|ARM64
		{CADC523C-4AD4-4403-BDBA-B2A7B28CC49F}.Release|ARM64.Build.0 = Release|ARM64
		{CADC523C-4AD4-4403-BDBA-B2A7B28CC49F}.Release|x64.ActiveCfg = Release|x64
		{CADC523C-4AD4-4403-BDBA-B2A7B28CC49F}.Release|x64.Build.0 = Release|x64
		{CADC523C-4AD4-4403-BDBA-B2A7B28CC49F}.Release|x86.ActiveCfg = Release|x86
		{CADC523C-4AD4-4403-BDBA-B2A7B28CC49F}.Release|x86.Build.0 = Release|x86
		{962883FA-6051-437C-88E8-59B1D067136C}.Debug|Any CPU.ActiveCfg = Debug|Any CPU
		{962883FA-6051-437C-88E8-59B1D067136C}.Debug|Any CPU.Build.0 = Debug|Any CPU
		{962883FA-6051-437C-88E8-59B1D067136C}.Release|Any CPU.ActiveCfg = Release|Any CPU
		{962883FA-6051-437C-88E8-59B1D067136C}.Release|Any CPU.Build.0 = Release|Any CPU
		{962883FA-6051-437C-88E8-59B1D067136C}.Debug|ARM64.ActiveCfg = Debug|ARM64
		{962883FA-6051-437C-88E8-59B1D067136C}.Debug|ARM64.Build.0 = Debug|ARM64
		{962883FA-6051-437C-88E8-59B1D067136C}.Debug|x64.ActiveCfg = Debug|x64
		{962883FA-6051-437C-88E8-59B1D067136C}.Debug|x64.Build.0 = Debug|x64
		{962883FA-6051-437C-88E8-59B1D067136C}.Debug|x86.ActiveCfg = Debug|x86
		{962883FA-6051-437C-88E8-59B1D067136C}.Debug|x86.Build.0 = Debug|x86
		{962883FA-6051-437C-88E8-59B1D067136C}.Release|ARM64.ActiveCfg = Release|ARM64
		{962883FA-6051-437C-88E8-59B1D067136C}.Release|ARM64.Build.0 = Release|ARM64
		{962883FA-6051-437C-88E8-59B1D067136C}.Release|x64.ActiveCfg = Release|x64
		{962883FA-6051-437C-88E8-59B1D067136C}.Release|x64.Build.0 = Release|x64
		{962883FA-6051-437C-88E8-59B1D067136C}.Release|x86.ActiveCfg = Release|x86
		{962883FA-6051-437C-88E8-59B1D067136C}.Release|x86.Build.0 = Release|x86
		{318A3C60-C907-48D1-8F29-479ED40679AA}.Debug|Any CPU.ActiveCfg = Debug|Any CPU
		{318A3C60-C907-48D1-8F29-479ED40679AA}.Debug|Any CPU.Build.0 = Debug|Any CPU
		{318A3C60-C907-48D1-8F29-479ED40679AA}.Release|Any CPU.ActiveCfg = Release|Any CPU
		{318A3C60-C907-48D1-8F29-479ED40679AA}.Release|Any CPU.Build.0 = Release|Any CPU
		{318A3C60-C907-48D1-8F29-479ED40679AA}.Debug|ARM64.ActiveCfg = Debug|ARM64
		{318A3C60-C907-48D1-8F29-479ED40679AA}.Debug|ARM64.Build.0 = Debug|ARM64
		{318A3C60-C907-48D1-8F29-479ED40679AA}.Debug|x64.ActiveCfg = Debug|x64
		{318A3C60-C907-48D1-8F29-479ED40679AA}.Debug|x64.Build.0 = Debug|x64
		{318A3C60-C907-48D1-8F29-479ED40679AA}.Debug|x86.ActiveCfg = Debug|x86
		{318A3C60-C907-48D1-8F29-479ED40679AA}.Debug|x86.Build.0 = Debug|x86
		{318A3C60-C907-48D1-8F29-479ED40679AA}.Release|ARM64.ActiveCfg = Release|ARM64
		{318A3C60-C907-48D1-8F29-479ED40679AA}.Release|ARM64.Build.0 = Release|ARM64
		{318A3C60-C907-48D1-8F29-479ED40679AA}.Release|x64.ActiveCfg = Release|x64
		{318A3C60-C907-48D1-8F29-479ED40679AA}.Release|x64.Build.0 = Release|x64
		{318A3C60-C907-48D1-8F29-479ED40679AA}.Release|x86.ActiveCfg = Release|x86
		{318A3C60-C907-48D1-8F29-479ED40679AA}.Release|x86.Build.0 = Release|x86
		{72E6BBC5-37E0-4348-B7A3-0F314D36B25E}.Debug|Any CPU.ActiveCfg = Debug|Any CPU
		{72E6BBC5-37E0-4348-B7A3-0F314D36B25E}.Debug|Any CPU.Build.0 = Debug|Any CPU
		{72E6BBC5-37E0-4348-B7A3-0F314D36B25E}.Debug|ARM64.ActiveCfg = Debug|Any CPU
		{72E6BBC5-37E0-4348-B7A3-0F314D36B25E}.Debug|ARM64.Build.0 = Debug|Any CPU
		{72E6BBC5-37E0-4348-B7A3-0F314D36B25E}.Debug|x64.ActiveCfg = Debug|Any CPU
		{72E6BBC5-37E0-4348-B7A3-0F314D36B25E}.Debug|x64.Build.0 = Debug|Any CPU
		{72E6BBC5-37E0-4348-B7A3-0F314D36B25E}.Debug|x86.ActiveCfg = Debug|Any CPU
		{72E6BBC5-37E0-4348-B7A3-0F314D36B25E}.Debug|x86.Build.0 = Debug|Any CPU
		{72E6BBC5-37E0-4348-B7A3-0F314D36B25E}.Release|Any CPU.ActiveCfg = Release|Any CPU
		{72E6BBC5-37E0-4348-B7A3-0F314D36B25E}.Release|Any CPU.Build.0 = Release|Any CPU
		{72E6BBC5-37E0-4348-B7A3-0F314D36B25E}.Release|ARM64.ActiveCfg = Release|Any CPU
		{72E6BBC5-37E0-4348-B7A3-0F314D36B25E}.Release|ARM64.Build.0 = Release|Any CPU
		{72E6BBC5-37E0-4348-B7A3-0F314D36B25E}.Release|x64.ActiveCfg = Release|Any CPU
		{72E6BBC5-37E0-4348-B7A3-0F314D36B25E}.Release|x64.Build.0 = Release|Any CPU
		{72E6BBC5-37E0-4348-B7A3-0F314D36B25E}.Release|x86.ActiveCfg = Release|Any CPU
		{72E6BBC5-37E0-4348-B7A3-0F314D36B25E}.Release|x86.Build.0 = Release|Any CPU
	EndGlobalSection
	GlobalSection(SolutionProperties) = preSolution
		HideSolutionNode = FALSE
	EndGlobalSection
	GlobalSection(NestedProjects) = preSolution
		{5A33A95E-21B1-4FB7-8706-22EBB7CC49FE} = {1F9B76FE-3A57-4AB5-8657-3EAB232B84AF}
		{A4C39FE1-D8C2-493F-9F9B-461D824F6089} = {59A90A46-8DF0-4650-980D-ECB31866C39C}
		{ED885439-281E-4E5F-BB45-139E28D1DC39} = {59A90A46-8DF0-4650-980D-ECB31866C39C}
		{2E093943-8EED-4B40-9220-DF1EA11CBE5D} = {59A90A46-8DF0-4650-980D-ECB31866C39C}
		{B4E679E2-FDAA-4BBA-8E8F-9250269A36EA} = {2E093943-8EED-4B40-9220-DF1EA11CBE5D}
		{4451EC85-3A52-4CC8-93CF-CA518F83B719} = {59A90A46-8DF0-4650-980D-ECB31866C39C}
		{1185E617-133A-4B88-AF8C-F8D04E433868} = {59A90A46-8DF0-4650-980D-ECB31866C39C}
		{0504F6FA-EF69-419A-B463-FA4413C51724} = {59A90A46-8DF0-4650-980D-ECB31866C39C}
		{E07DE456-6395-4B2B-B6CF-7CB66F5EA30C} = {59A90A46-8DF0-4650-980D-ECB31866C39C}
		{E6619AC8-39A0-40B8-9504-1970280517F3} = {1ACE9E2E-4250-4D9A-8079-07D839222B67}
		{3A3F7D2D-44AD-4D4A-B281-640F95AE8682} = {E6619AC8-39A0-40B8-9504-1970280517F3}
		{33E4743A-17E0-4C90-B4F6-6581B72E1069} = {59A90A46-8DF0-4650-980D-ECB31866C39C}
		{FDBCA488-5502-46F1-BF80-D881F71D333C} = {33E4743A-17E0-4C90-B4F6-6581B72E1069}
		{CADC523C-4AD4-4403-BDBA-B2A7B28CC49F} = {33E4743A-17E0-4C90-B4F6-6581B72E1069}
		{962883FA-6051-437C-88E8-59B1D067136C} = {33E4743A-17E0-4C90-B4F6-6581B72E1069}
		{318A3C60-C907-48D1-8F29-479ED40679AA} = {2E093943-8EED-4B40-9220-DF1EA11CBE5D}
		{D5CB83E5-A218-422A-995B-C7122ED3F95D} = {1F9B76FE-3A57-4AB5-8657-3EAB232B84AF}
		{72E6BBC5-37E0-4348-B7A3-0F314D36B25E} = {D5CB83E5-A218-422A-995B-C7122ED3F95D}
	EndGlobalSection
	GlobalSection(ExtensibilityGlobals) = postSolution
		SolutionGuid = {3D6B7E96-5169-4380-ADCD-B781CDCE795C}
	EndGlobalSection
EndGlobal
