<Solution>
  <Configurations>
    <Platform Name="Any CPU" />
    <Platform Name="ARM64" />
    <Platform Name="x64" />
    <Platform Name="x86" />
  </Configurations>
  <Folder Name="/Solution Items/">
    <File Path=".editorconfig" />
    <File Path=".gitignore" />
    <File Path="Directory.Build.props" />
    <File Path="Directory.Packages.props" />
    <File Path="nuget.config" />
    <File Path="README.md" />
    <File Path="ThunderPropagator.png" />
    <File Path="ThunderPropagator.svg" />
  </Folder>
  <Folder Name="/Solution Items/.github/" />
  <Folder Name="/Solution Items/.github/workflows/">
    <File Path=".github/workflows/develop-beta-ci.yml" />
    <File Path=".github/workflows/develop-release-ci.yml" />
  </Folder>
  <Folder Name="/src/" />
  <Folder Name="/src/Channels/">
    <Project Path="src/Channels/ThunderPropagator.Channels.Chat/ThunderPropagator.Channels.Chat.csproj">
      <Platform Solution="*|ARM64" Project="ARM64" />
      <Platform Solution="*|x64" Project="x64" />
      <Platform Solution="*|x86" Project="x86" />
    </Project>
    <Project Path="src/Channels/ThunderPropagator.Channels.Chat.EntityFrameworkCore/ThunderPropagator.Channels.Chat.EntityFrameworkCore.csproj">
      <Platform Solution="*|ARM64" Project="ARM64" />
      <Platform Solution="*|x64" Project="x64" />
      <Platform Solution="*|x86" Project="x86" />
    </Project>
    <Project Path="src/Channels/ThunderPropagator.Channels.Chat.MongoDB/ThunderPropagator.Channels.Chat.MongoDB.csproj">
      <Platform Solution="*|ARM64" Project="ARM64" />
      <Platform Solution="*|x64" Project="x64" />
      <Platform Solution="*|x86" Project="x86" />
    </Project>
    <Project Path="src/Channels/ThunderPropagator.Channels.Chat.InMemory/ThunderPropagator.Channels.Chat.InMemory.csproj">
      <Platform Solution="*|ARM64" Project="ARM64" />
      <Platform Solution="*|x64" Project="x64" />
      <Platform Solution="*|x86" Project="x86" />
    </Project>
    <Project Path="src/Channels/ThunderPropagator.Channels.Clock/ThunderPropagator.Channels.Clock.csproj">
      <Platform Solution="*|ARM64" Project="ARM64" />
      <Platform Solution="*|x64" Project="x64" />
      <Platform Solution="*|x86" Project="x86" />
    </Project>
    <Project Path="src/Channels/ThunderPropagator.Channels.NetworkMonitoring/ThunderPropagator.Channels.NetworkMonitoring.csproj">
      <Platform Solution="*|ARM64" Project="ARM64" />
      <Platform Solution="*|x64" Project="x64" />
      <Platform Solution="*|x86" Project="x86" />
    </Project>
    <Project Path="src/Channels/ThunderPropagator.Channels.Notifications/ThunderPropagator.Channels.Notifications.csproj">
      <Platform Solution="*|ARM64" Project="ARM64" />
      <Platform Solution="*|x64" Project="x64" />
      <Platform Solution="*|x86" Project="x86" />
    </Project>
    <Project Path="src/Channels/ThunderPropagator.Channels.ResourceMonitoring/ThunderPropagator.Channels.ResourceMonitoring.csproj">
      <Platform Solution="*|ARM64" Project="ARM64" />
      <Platform Solution="*|x64" Project="x64" />
      <Platform Solution="*|x86" Project="x86" />
    </Project>
    <Project Path="src/Channels/ThunderPropagator.Channels.Throughput/ThunderPropagator.Channels.Throughput.csproj">
      <Platform Solution="*|ARM64" Project="ARM64" />
      <Platform Solution="*|x64" Project="x64" />
      <Platform Solution="*|x86" Project="x86" />
    </Project>
    <Project Path="src/Channels/ThunderPropagator.Channels.TimeZones/ThunderPropagator.Channels.TimeZones.csproj">
      <Platform Solution="*|ARM64" Project="ARM64" />
      <Platform Solution="*|x64" Project="x64" />
      <Platform Solution="*|x86" Project="x86" />
    </Project>
  </Folder>
  <Folder Name="/src/Demo/">
    <Project Path="src/Demo/ThunderPropagator.Channels.Demo.Airport/ThunderPropagator.Channels.Demo.Airport.csproj">
      <Platform Solution="*|ARM64" Project="ARM64" />
      <Platform Solution="*|x64" Project="x64" />
      <Platform Solution="*|x86" Project="x86" />
    </Project>
    <Project Path="src/Demo/ThunderPropagator.Channels.Demo.Portfolio/ThunderPropagator.Channels.Demo.Portfolio.csproj">
      <Platform Solution="*|ARM64" Project="ARM64" />
      <Platform Solution="*|x64" Project="x64" />
      <Platform Solution="*|x86" Project="x86" />
    </Project>
    <Project Path="src/Demo/ThunderPropagator.Channels.Demo.Quiz/ThunderPropagator.Channels.Demo.Quiz.csproj">
      <Platform Solution="*|ARM64" Project="ARM64" />
      <Platform Solution="*|x64" Project="x64" />
      <Platform Solution="*|x86" Project="x86" />
    </Project>
    <Project Path="src/Demo/ThunderPropagator.Channels.Demo.StockListBasic/ThunderPropagator.Channels.Demo.StockListBasic.csproj">
      <Platform Solution="*|ARM64" Project="ARM64" />
      <Platform Solution="*|x64" Project="x64" />
      <Platform Solution="*|x86" Project="x86" />
    </Project>
    <Project Path="src/Demo/ThunderPropagator.Channels.Demo.VideoPlayer/ThunderPropagator.Channels.Demo.VideoPlayer.csproj">
      <Platform Solution="*|ARM64" Project="ARM64" />
      <Platform Solution="*|x64" Project="x64" />
      <Platform Solution="*|x86" Project="x86" />
    </Project>
  </Folder>
  <Folder Name="/src/Games/">
    <Project Path="src/Games/ThunderPropagator.Channels.Games.RockPaperScissors/ThunderPropagator.Channels.Games.RockPaperScissors.csproj">
      <Platform Solution="*|ARM64" Project="ARM64" />
      <Platform Solution="*|x64" Project="x64" />
      <Platform Solution="*|x86" Project="x86" />
    </Project>
    <Project Path="src/Games/ThunderPropagator.Channels.Games.RockPaperScissors.EntityFrameworkCore/ThunderPropagator.Channels.Games.RockPaperScissors.EntityFrameworkCore.csproj">
      <Platform Solution="*|ARM64" Project="ARM64" />
      <Platform Solution="*|x64" Project="x64" />
      <Platform Solution="*|x86" Project="x86" />
    </Project>
    <Project Path="src/Games/ThunderPropagator.Channels.Games.RockPaperScissors.MongoDB/ThunderPropagator.Channels.Games.RockPaperScissors.MongoDB.csproj">
      <Platform Solution="*|ARM64" Project="ARM64" />
      <Platform Solution="*|x64" Project="x64" />
      <Platform Solution="*|x86" Project="x86" />
    </Project>
    <Project Path="src/Games/ThunderPropagator.Channels.Games.RockPaperScissors.InMemory/ThunderPropagator.Channels.Games.RockPaperScissors.InMemory.csproj">
      <Platform Solution="*|ARM64" Project="ARM64" />
      <Platform Solution="*|x64" Project="x64" />
      <Platform Solution="*|x86" Project="x86" />
    </Project>
    <Project Path="src/Games/ThunderPropagator.Channels.Games.TicTacToe/ThunderPropagator.Channels.Games.TicTacToe.csproj">
      <Platform Solution="*|ARM64" Project="ARM64" />
      <Platform Solution="*|x64" Project="x64" />
      <Platform Solution="*|x86" Project="x86" />
    </Project>
    <Project Path="src/Games/ThunderPropagator.Channels.Games.TicTacToe.EntityFrameworkCore/ThunderPropagator.Channels.Games.TicTacToe.EntityFrameworkCore.csproj">
      <Platform Solution="*|ARM64" Project="ARM64" />
      <Platform Solution="*|x64" Project="x64" />
      <Platform Solution="*|x86" Project="x86" />
    </Project>
    <Project Path="src/Games/ThunderPropagator.Channels.Games.TicTacToe.MongoDB/ThunderPropagator.Channels.Games.TicTacToe.MongoDB.csproj">
      <Platform Solution="*|ARM64" Project="ARM64" />
      <Platform Solution="*|x64" Project="x64" />
      <Platform Solution="*|x86" Project="x86" />
    </Project>
    <Project Path="src/Games/ThunderPropagator.Channels.Games.TicTacToe.InMemory/ThunderPropagator.Channels.Games.TicTacToe.InMemory.csproj">
      <Platform Solution="*|ARM64" Project="ARM64" />
      <Platform Solution="*|x64" Project="x64" />
      <Platform Solution="*|x86" Project="x86" />
    </Project>
  </Folder>
  <Folder Name="/Tests/" />
  <Folder Name="/Tests/Channels/">
    <Project Path="Tests/Channels/ThunderPropagator.Channels.Chat.UnitTests/ThunderPropagator.Channels.Chat.UnitTests.csproj">
      <Platform Solution="*|ARM64" Project="ARM64" />
      <Platform Solution="*|x64" Project="x64" />
      <Platform Solution="*|x86" Project="x86" />
      <Build Solution="*|ARM64" Project="false" />
      <Build Solution="*|x64" Project="false" />
      <Build Solution="*|x86" Project="false" />
      <Build Solution="Release|Any CPU" Project="false" />
    </Project>
    <Project Path="Tests/Channels/ThunderPropagator.Channels.Clock.UnitTests/ThunderPropagator.Channels.Clock.UnitTests.csproj">
      <Platform Solution="*|ARM64" Project="ARM64" />
      <Platform Solution="*|x64" Project="x64" />
      <Platform Solution="*|x86" Project="x86" />
      <Build Solution="*|ARM64" Project="false" />
      <Build Solution="*|x64" Project="false" />
      <Build Solution="*|x86" Project="false" />
      <Build Solution="Release|Any CPU" Project="false" />
    </Project>
    <Project Path="Tests/Channels/ThunderPropagator.Channels.NetworkMonitoring.UnitTests/ThunderPropagator.Channels.NetworkMonitoring.UnitTests.csproj">
      <Platform Solution="*|ARM64" Project="ARM64" />
      <Platform Solution="*|x64" Project="x64" />
      <Platform Solution="*|x86" Project="x86" />
      <Build Solution="*|ARM64" Project="false" />
      <Build Solution="*|x64" Project="false" />
      <Build Solution="*|x86" Project="false" />
      <Build Solution="Release|Any CPU" Project="false" />
    </Project>
    <Project Path="Tests/Channels/ThunderPropagator.Channels.Notifications.UnitTests/ThunderPropagator.Channels.Notifications.UnitTests.csproj">
      <Platform Solution="*|ARM64" Project="ARM64" />
      <Platform Solution="*|x64" Project="x64" />
      <Platform Solution="*|x86" Project="x86" />
      <Build Solution="*|ARM64" Project="false" />
      <Build Solution="*|x64" Project="false" />
      <Build Solution="*|x86" Project="false" />
      <Build Solution="Release|Any CPU" Project="false" />
    </Project>
    <Project Path="Tests/Channels/ThunderPropagator.Channels.ResourceMonitoring.UnitTests/ThunderPropagator.Channels.ResourceMonitoring.UnitTests.csproj">
      <Platform Solution="*|ARM64" Project="ARM64" />
      <Platform Solution="*|x64" Project="x64" />
      <Platform Solution="*|x86" Project="x86" />
      <Build Solution="*|ARM64" Project="false" />
      <Build Solution="*|x64" Project="false" />
      <Build Solution="*|x86" Project="false" />
      <Build Solution="Release|Any CPU" Project="false" />
    </Project>
    <Project Path="Tests/Channels/ThunderPropagator.Channels.Throughput.UnitTests/ThunderPropagator.Channels.Throughput.UnitTests.csproj">
      <Platform Solution="*|ARM64" Project="ARM64" />
      <Platform Solution="*|x64" Project="x64" />
      <Platform Solution="*|x86" Project="x86" />
      <Build Solution="*|ARM64" Project="false" />
      <Build Solution="*|x64" Project="false" />
      <Build Solution="*|x86" Project="false" />
      <Build Solution="Release|Any CPU" Project="false" />
    </Project>
    <Project Path="Tests/Channels/ThunderPropagator.Channels.TimeZones.UnitTests/ThunderPropagator.Channels.TimeZones.UnitTests.csproj">
      <Platform Solution="*|ARM64" Project="ARM64" />
      <Platform Solution="*|x64" Project="x64" />
      <Platform Solution="*|x86" Project="x86" />
      <Build Solution="*|ARM64" Project="false" />
      <Build Solution="*|x64" Project="false" />
      <Build Solution="*|x86" Project="false" />
      <Build Solution="Release|Any CPU" Project="false" />
    </Project>
  </Folder>
  <Folder Name="/Tests/Demo/">
    <Project Path="Tests/Demo/ThunderPropagator.Channels.Demo.Airport.UnitTests/ThunderPropagator.Channels.Demo.Airport.UnitTests.csproj">
      <Platform Solution="*|ARM64" Project="ARM64" />
      <Platform Solution="*|x64" Project="x64" />
      <Platform Solution="*|x86" Project="x86" />
      <Build Solution="*|ARM64" Project="false" />
      <Build Solution="*|x64" Project="false" />
      <Build Solution="*|x86" Project="false" />
      <Build Solution="Release|Any CPU" Project="false" />
    </Project>
    <Project Path="Tests/Demo/ThunderPropagator.Channels.Demo.Portfolio.UnitTests/ThunderPropagator.Channels.Demo.Portfolio.UnitTests.csproj">
      <Platform Solution="*|ARM64" Project="ARM64" />
      <Platform Solution="*|x64" Project="x64" />
      <Platform Solution="*|x86" Project="x86" />
      <Build Solution="*|ARM64" Project="false" />
      <Build Solution="*|x64" Project="false" />
      <Build Solution="*|x86" Project="false" />
      <Build Solution="Release|Any CPU" Project="false" />
    </Project>
    <Project Path="Tests/Demo/ThunderPropagator.Channels.Demo.Quiz.UnitTests/ThunderPropagator.Channels.Demo.Quiz.UnitTests.csproj">
      <Platform Solution="*|ARM64" Project="ARM64" />
      <Platform Solution="*|x64" Project="x64" />
      <Platform Solution="*|x86" Project="x86" />
      <Build Solution="*|ARM64" Project="false" />
      <Build Solution="*|x64" Project="false" />
      <Build Solution="*|x86" Project="false" />
      <Build Solution="Release|Any CPU" Project="false" />
    </Project>
    <Project Path="Tests/Demo/ThunderPropagator.Channels.Demo.StockListBasic.UnitTests/ThunderPropagator.Channels.Demo.StockListBasic.UnitTests.csproj">
      <Platform Solution="*|ARM64" Project="ARM64" />
      <Platform Solution="*|x64" Project="x64" />
      <Platform Solution="*|x86" Project="x86" />
      <Build Solution="*|ARM64" Project="false" />
      <Build Solution="*|x64" Project="false" />
      <Build Solution="*|x86" Project="false" />
      <Build Solution="Release|Any CPU" Project="false" />
    </Project>
    <Project Path="Tests/Demo/ThunderPropagator.Channels.Demo.VideoPlayer.UnitTests/ThunderPropagator.Channels.Demo.VideoPlayer.UnitTests.csproj">
      <Platform Solution="*|ARM64" Project="ARM64" />
      <Platform Solution="*|x64" Project="x64" />
      <Platform Solution="*|x86" Project="x86" />
      <Build Solution="*|ARM64" Project="false" />
      <Build Solution="*|x64" Project="false" />
      <Build Solution="*|x86" Project="false" />
      <Build Solution="Release|Any CPU" Project="false" />
    </Project>
  </Folder>
  <Folder Name="/Tests/Games/">
    <Project Path="Tests/Games/ThunderPropagator.Channels.Games.RockPaperScissors.UnitTests/ThunderPropagator.Channels.Games.RockPaperScissors.UnitTests.csproj">
      <Platform Solution="*|ARM64" Project="ARM64" />
      <Platform Solution="*|x64" Project="x64" />
      <Platform Solution="*|x86" Project="x86" />
      <Build Solution="*|ARM64" Project="false" />
      <Build Solution="*|x64" Project="false" />
      <Build Solution="*|x86" Project="false" />
      <Build Solution="Release|Any CPU" Project="false" />
    </Project>
    <Project Path="Tests/Games/ThunderPropagator.Channels.Games.RockPaperScissors.InMemory.UnitTests/ThunderPropagator.Channels.Games.RockPaperScissors.InMemory.UnitTests.csproj">
      <Platform Solution="*|ARM64" Project="ARM64" />
      <Platform Solution="*|x64" Project="x64" />
      <Platform Solution="*|x86" Project="x86" />
      <Build Solution="*|ARM64" Project="false" />
      <Build Solution="*|x64" Project="false" />
      <Build Solution="*|x86" Project="false" />
      <Build Solution="Release|Any CPU" Project="false" />
    </Project>
    <Project Path="Tests/Games/ThunderPropagator.Channels.Games.RockPaperScissors.EntityFrameworkCore.UnitTests/ThunderPropagator.Channels.Games.RockPaperScissors.EntityFrameworkCore.UnitTests.csproj">
      <Platform Solution="*|ARM64" Project="ARM64" />
      <Platform Solution="*|x64" Project="x64" />
      <Platform Solution="*|x86" Project="x86" />
      <Build Solution="*|ARM64" Project="false" />
      <Build Solution="*|x64" Project="false" />
      <Build Solution="*|x86" Project="false" />
      <Build Solution="Release|Any CPU" Project="false" />
    </Project>
    <Project Path="Tests/Games/ThunderPropagator.Channels.Games.RockPaperScissors.MongoDB.UnitTests/ThunderPropagator.Channels.Games.RockPaperScissors.MongoDB.UnitTests.csproj">
      <Platform Solution="*|ARM64" Project="ARM64" />
      <Platform Solution="*|x64" Project="x64" />
      <Platform Solution="*|x86" Project="x86" />
      <Build Solution="*|ARM64" Project="false" />
      <Build Solution="*|x64" Project="false" />
      <Build Solution="*|x86" Project="false" />
      <Build Solution="Release|Any CPU" Project="false" />
    </Project>
    <Project Path="Tests/Games/ThunderPropagator.Channels.Games.TicTacToe.InMemory.UnitTests/ThunderPropagator.Channels.Games.TicTacToe.InMemory.UnitTests.csproj">
      <Platform Solution="*|ARM64" Project="ARM64" />
      <Platform Solution="*|x64" Project="x64" />
      <Platform Solution="*|x86" Project="x86" />
      <Build Solution="*|ARM64" Project="false" />
      <Build Solution="*|x64" Project="false" />
      <Build Solution="*|x86" Project="false" />
      <Build Solution="Release|Any CPU" Project="false" />
    </Project>
    <Project Path="Tests/Games/ThunderPropagator.Channels.Games.TicTacToe.EntityFrameworkCore.UnitTests/ThunderPropagator.Channels.Games.TicTacToe.EntityFrameworkCore.UnitTests.csproj">
      <Platform Solution="*|ARM64" Project="ARM64" />
      <Platform Solution="*|x64" Project="x64" />
      <Platform Solution="*|x86" Project="x86" />
      <Build Solution="*|ARM64" Project="false" />
      <Build Solution="*|x64" Project="false" />
      <Build Solution="*|x86" Project="false" />
      <Build Solution="Release|Any CPU" Project="false" />
    </Project>
    <Project Path="Tests/Games/ThunderPropagator.Channels.Games.TicTacToe.MongoDB.UnitTests/ThunderPropagator.Channels.Games.TicTacToe.MongoDB.UnitTests.csproj">
      <Platform Solution="*|ARM64" Project="ARM64" />
      <Platform Solution="*|x64" Project="x64" />
      <Platform Solution="*|x86" Project="x86" />
      <Build Solution="*|ARM64" Project="false" />
      <Build Solution="*|x64" Project="false" />
      <Build Solution="*|x86" Project="false" />
      <Build Solution="Release|Any CPU" Project="false" />
    </Project>
    <Project Path="Tests/Games/ThunderPropagator.Channels.Games.TicTacToe.UnitTests/ThunderPropagator.Channels.Games.TicTacToe.UnitTests.csproj">
      <Platform Solution="*|ARM64" Project="ARM64" />
      <Platform Solution="*|x64" Project="x64" />
      <Platform Solution="*|x86" Project="x86" />
      <Build Solution="*|ARM64" Project="false" />
      <Build Solution="*|x64" Project="false" />
      <Build Solution="*|x86" Project="false" />
      <Build Solution="Release|Any CPU" Project="false" />
    </Project>
  </Folder>
  <Folder Name="/Tests/UnitTests/">
    <Project Path="Tests/UnitTests/ArchTests/ArchTests.csproj">
      <Platform Solution="*|ARM64" Project="ARM64" />
      <Platform Solution="*|x64" Project="x64" />
      <Platform Solution="*|x86" Project="x86" />
      <Build Solution="*|ARM64" Project="false" />
      <Build Solution="*|x64" Project="false" />
      <Build Solution="*|x86" Project="false" />
      <Build Solution="Release|Any CPU" Project="false" />
    </Project>
    <Project Path="Tests/UnitTests/ThunderPropagator.UnitTests/ThunderPropagator.UnitTests.csproj">
      <Platform Solution="*|ARM64" Project="ARM64" />
      <Platform Solution="*|x64" Project="x64" />
      <Platform Solution="*|x86" Project="x86" />
      <Build Solution="*|ARM64" Project="false" />
      <Build Solution="*|x64" Project="false" />
      <Build Solution="*|x86" Project="false" />
      <Build Solution="Release|Any CPU" Project="false" />
    </Project>
  </Folder>
</Solution>
