
Microsoft Visual Studio Solution File, Format Version 12.00
# Visual Studio Version 17
VisualStudioVersion = 17.8.34316.72
MinimumVisualStudioVersion = 10.0.40219.1
Project("{2150E333-8FDC-42A3-9474-1A3956D46DE8}") = "Tests", "Tests", "{1F9B76FE-3A57-4AB5-8657-3EAB232B84AF}"
EndProject
Project("{9A19103F-16F7-4668-BE54-9A1E7A4F7556}") = "ThunderPropagator.UnitTests", "Tests\UnitTests\ThunderPropagator.UnitTests\ThunderPropagator.UnitTests.csproj", "{5A33A95E-21B1-4FB7-8706-22EBB7CC49FE}"
EndProject
Project("{2150E333-8FDC-42A3-9474-1A3956D46DE8}") = "src", "src", "{59A90A46-8DF0-4650-980D-ECB31866C39C}"
EndProject
Project("{9A19103F-16F7-4668-BE54-9A1E7A4F7556}") = "ThunderPropagator.Channels.Clock", "src\Channels\ThunderPropagator.Channels.Clock\ThunderPropagator.Channels.Clock.csproj", "{A4C39FE1-D8C2-493F-9F9B-461D824F6089}"
EndProject
Project("{9A19103F-16F7-4668-BE54-9A1E7A4F7556}") = "ThunderPropagator.Channels.Notifications", "src\Channels\ThunderPropagator.Channels.Notifications\ThunderPropagator.Channels.Notifications.csproj", "{ED885439-281E-4E5F-BB45-139E28D1DC39}"
EndProject
Project("{2150E333-8FDC-42A3-9474-1A3956D46DE8}") = "Games", "Games", "{2E093943-8EED-4B40-9220-DF1EA11CBE5D}"
EndProject
Project("{9A19103F-16F7-4668-BE54-9A1E7A4F7556}") = "ThunderPropagator.Channels.Games.RockPaperScissors", "src\Games\ThunderPropagator.Channels.Games.RockPaperScissors\ThunderPropagator.Channels.Games.RockPaperScissors.csproj", "{B4E679E2-FDAA-4BBA-8E8F-9250269A36EA}"
EndProject
Project("{2150E333-8FDC-42A3-9474-1A3956D46DE8}") = "Solution Items", "Solution Items", "{1ACE9E2E-4250-4D9A-8079-07D839222B67}"
	ProjectSection(SolutionItems) = preProject
		.editorconfig = .editorconfig
		.gitignore = .gitignore
		ThunderPropagator.png = ThunderPropagator.png
		ThunderPropagator.svg = ThunderPropagator.svg
		README.md = README.md
		nuget.config = nuget.config
		Directory.Build.props = Directory.Build.props
		Directory.Packages.props = Directory.Packages.props
	EndProjectSection
EndProject
Project("{9A19103F-16F7-4668-BE54-9A1E7A4F7556}") = "ThunderPropagator.Channels.ResourceMonitoring", "src\Channels\ThunderPropagator.Channels.ResourceMonitoring\ThunderPropagator.Channels.ResourceMonitoring.csproj", "{4451EC85-3A52-4CC8-93CF-CA518F83B719}"
EndProject
Project("{9A19103F-16F7-4668-BE54-9A1E7A4F7556}") = "ThunderPropagator.Channels.NetworkMonitoring", "src\Channels\ThunderPropagator.Channels.NetworkMonitoring\ThunderPropagator.Channels.NetworkMonitoring.csproj", "{1185E617-133A-4B88-AF8C-F8D04E433868}"
EndProject
Project("{9A19103F-16F7-4668-BE54-9A1E7A4F7556}") = "ThunderPropagator.Channels.Throughput", "src\Channels\ThunderPropagator.Channels.Throughput\ThunderPropagator.Channels.Throughput.csproj", "{0504F6FA-EF69-419A-B463-FA4413C51724}"
EndProject
Project("{9A19103F-16F7-4668-BE54-9A1E7A4F7556}") = "ThunderPropagator.Channels.TimeZones", "src\Channels\ThunderPropagator.Channels.TimeZones\ThunderPropagator.Channels.TimeZones.csproj", "{E07DE456-6395-4B2B-B6CF-7CB66F5EA30C}"
EndProject
Project("{2150E333-8FDC-42A3-9474-1A3956D46DE8}") = ".github", ".github", "{E6619AC8-39A0-40B8-9504-1970280517F3}"
EndProject
Project("{2150E333-8FDC-42A3-9474-1A3956D46DE8}") = "workflows", "workflows", "{3A3F7D2D-44AD-4D4A-B281-640F95AE8682}"
	ProjectSection(SolutionItems) = preProject
		.github\workflows\develop-beta-ci.yml = .github\workflows\develop-beta-ci.yml
		.github\workflows\develop-release-ci.yml = .github\workflows\develop-release-ci.yml
	EndProjectSection
EndProject
Project("{2150E333-8FDC-42A3-9474-1A3956D46DE8}") = "Demo", "Demo", "{33E4743A-17E0-4C90-B4F6-6581B72E1069}"
EndProject
Project("{FAE04EC0-301F-11D3-BF4B-00C04F79EFBC}") = "ThunderPropagator.Channels.Demo.Portfolio", "src\Demo\ThunderPropagator.Channels.Demo.Portfolio\ThunderPropagator.Channels.Demo.Portfolio.csproj", "{FDBCA488-5502-46F1-BF80-D881F71D333C}"
EndProject
Project("{FAE04EC0-301F-11D3-BF4B-00C04F79EFBC}") = "ThunderPropagator.Channels.Demo.StockListBasic", "src\Demo\ThunderPropagator.Channels.Demo.StockListBasic\ThunderPropagator.Channels.Demo.StockListBasic.csproj", "{CADC523C-4AD4-4403-BDBA-B2A7B28CC49F}"
EndProject
Project("{FAE04EC0-301F-11D3-BF4B-00C04F79EFBC}") = "ThunderPropagator.Channels.Demo.Airport", "src\Demo\ThunderPropagator.Channels.Demo.Airport\ThunderPropagator.Channels.Demo.Airport.csproj", "{962883FA-6051-437C-88E8-59B1D067136C}"
EndProject
Project("{FAE04EC0-301F-11D3-BF4B-00C04F79EFBC}") = "ThunderPropagator.Channels.Games.TicTacToe", "src\Games\ThunderPropagator.Channels.Games.TicTacToe\ThunderPropagator.Channels.Games.TicTacToe.csproj", "{318A3C60-C907-48D1-8F29-479ED40679AA}"
EndProject
Project("{2150E333-8FDC-42A3-9474-1A3956D46DE8}") = "Demo", "Demo", "{D5CB83E5-A218-422A-995B-C7122ED3F95D}"
EndProject
Project("{FAE04EC0-301F-11D3-BF4B-00C04F79EFBC}") = "ThunderPropagator.Channels.Demo.Airport.UnitTests", "Tests\Demo\ThunderPropagator.Channels.Demo.Airport.UnitTests\ThunderPropagator.Channels.Demo.Airport.UnitTests.csproj", "{72E6BBC5-37E0-4348-B7A3-0F314D36B25E}"
EndProject
Project("{FAE04EC0-301F-11D3-BF4B-00C04F79EFBC}") = "ThunderPropagator.Channels.Chat", "src\Channels\ThunderPropagator.Channels.Chat\ThunderPropagator.Channels.Chat.csproj", "{3439BDE4-BB64-45D8-BA86-E3FCA9915CF7}"
EndProject
Project("{2150E333-8FDC-42A3-9474-1A3956D46DE8}") = "Channels", "Channels", "{7B75EF2E-BDA8-417E-B3C7-D52293ACFB21}"
EndProject
Project("{FAE04EC0-301F-11D3-BF4B-00C04F79EFBC}") = "ArchTests", "Tests\UnitTests\ArchTests\ArchTests.csproj", "{877CC54E-3342-454E-B7BC-6513580B63BC}"
EndProject
Project("{2150E333-8FDC-42A3-9474-1A3956D46DE8}") = "Channels", "Channels", "{FB7311FB-CB1B-48BB-ADCC-46B15153EBD7}"
EndProject
Project("{2150E333-8FDC-42A3-9474-1A3956D46DE8}") = "Games", "Games", "{14F18647-F9FE-46B0-B276-C074FA370677}"
EndProject
Project("{FAE04EC0-301F-11D3-BF4B-00C04F79EFBC}") = "ThunderPropagator.Channels.Chat.UnitTests", "Tests\Channels\ThunderPropagator.Channels.Chat.UnitTests\ThunderPropagator.Channels.Chat.UnitTests.csproj", "{97C8358A-4968-4777-B0F1-2D635EB99CB8}"
EndProject
Project("{FAE04EC0-301F-11D3-BF4B-00C04F79EFBC}") = "ThunderPropagator.Channels.Clock.UnitTests", "Tests\Channels\ThunderPropagator.Channels.Clock.UnitTests\ThunderPropagator.Channels.Clock.UnitTests.csproj", "{50AEA5C1-D498-4640-BDC6-01481FB8CBB0}"
EndProject
Project("{FAE04EC0-301F-11D3-BF4B-00C04F79EFBC}") = "ThunderPropagator.Channels.NetworkMonitoring.UnitTests", "Tests\Channels\ThunderPropagator.Channels.NetworkMonitoring.UnitTests\ThunderPropagator.Channels.NetworkMonitoring.UnitTests.csproj", "{F76C7C7B-B4C8-446E-B269-FCE7C0028E1F}"
EndProject
Project("{FAE04EC0-301F-11D3-BF4B-00C04F79EFBC}") = "ThunderPropagator.Channels.Notifications.UnitTests", "Tests\Channels\ThunderPropagator.Channels.Notifications.UnitTests\ThunderPropagator.Channels.Notifications.UnitTests.csproj", "{440B849B-FE9A-48FD-8D75-C7B84D427E87}"
EndProject
Project("{FAE04EC0-301F-11D3-BF4B-00C04F79EFBC}") = "ThunderPropagator.Channels.ResourceMonitoring.UnitTests", "Tests\Channels\ThunderPropagator.Channels.ResourceMonitoring.UnitTests\ThunderPropagator.Channels.ResourceMonitoring.UnitTests.csproj", "{22135561-D44D-4074-B959-EBA8585EE798}"
EndProject
Project("{FAE04EC0-301F-11D3-BF4B-00C04F79EFBC}") = "ThunderPropagator.Channels.Throughput.UnitTests", "Tests\Channels\ThunderPropagator.Channels.Throughput.UnitTests\ThunderPropagator.Channels.Throughput.UnitTests.csproj", "{84AD9395-90E2-42BD-8A5D-479213A46552}"
EndProject
Project("{FAE04EC0-301F-11D3-BF4B-00C04F79EFBC}") = "ThunderPropagator.Channels.TimeZones.UnitTests", "Tests\Channels\ThunderPropagator.Channels.TimeZones.UnitTests\ThunderPropagator.Channels.TimeZones.UnitTests.csproj", "{9A0A0A59-5D66-4D03-8A2D-5201B0EA1A9F}"
EndProject
Project("{FAE04EC0-301F-11D3-BF4B-00C04F79EFBC}") = "ThunderPropagator.Channels.Demo.Portfolio.UnitTests", "Tests\Demo\ThunderPropagator.Channels.Demo.Portfolio.UnitTests\ThunderPropagator.Channels.Demo.Portfolio.UnitTests.csproj", "{06E4A656-8E50-4684-B7B2-D9181BA40977}"
EndProject
Project("{FAE04EC0-301F-11D3-BF4B-00C04F79EFBC}") = "ThunderPropagator.Channels.Demo.StockListBasic.UnitTests", "Tests\Demo\ThunderPropagator.Channels.Demo.StockListBasic.UnitTests\ThunderPropagator.Channels.Demo.StockListBasic.UnitTests.csproj", "{F2696A0E-D9AB-4CBA-AF26-DA7F51A992FE}"
EndProject
Project("{FAE04EC0-301F-11D3-BF4B-00C04F79EFBC}") = "ThunderPropagator.Channels.Games.RockPaperScissors.UnitTests", "Tests\Games\ThunderPropagator.Channels.Games.RockPaperScissors.UnitTests\ThunderPropagator.Channels.Games.RockPaperScissors.UnitTests.csproj", "{92FCEB1F-BBA5-4D53-B83D-493E603A16D5}"
EndProject
Project("{FAE04EC0-301F-11D3-BF4B-00C04F79EFBC}") = "ThunderPropagator.Channels.Games.TicTacToe.UnitTests", "Tests\Games\ThunderPropagator.Channels.Games.TicTacToe.UnitTests\ThunderPropagator.Channels.Games.TicTacToe.UnitTests.csproj", "{57930814-DCCF-4D43-9298-87A6C034801A}"
EndProject
Project("{2150E333-8FDC-42A3-9474-1A3956D46DE8}") = "UnitTests", "UnitTests", "{36CE571D-118A-40A1-BF6A-FBDE9D4BE2EE}"
EndProject
Global
	GlobalSection(SolutionConfigurationPlatforms) = preSolution
		Debug|Any CPU = Debug|Any CPU
		Debug|ARM64 = Debug|ARM64
		Debug|x64 = Debug|x64
		Debug|x86 = Debug|x86
		Release|Any CPU = Release|Any CPU
		Release|ARM64 = Release|ARM64
		Release|x64 = Release|x64
		Release|x86 = Release|x86
	EndGlobalSection
	GlobalSection(ProjectConfigurationPlatforms) = postSolution
		{5A33A95E-21B1-4FB7-8706-22EBB7CC49FE}.Debug|Any CPU.ActiveCfg = Debug|Any CPU
		{5A33A95E-21B1-4FB7-8706-22EBB7CC49FE}.Debug|Any CPU.Build.0 = Debug|Any CPU
		{A4C39FE1-D8C2-493F-9F9B-461D824F6089}.Debug|Any CPU.ActiveCfg = Debug|Any CPU
		{A4C39FE1-D8C2-493F-9F9B-461D824F6089}.Debug|Any CPU.Build.0 = Debug|Any CPU
		{A4C39FE1-D8C2-493F-9F9B-461D824F6089}.Debug|ARM64.ActiveCfg = Debug|ARM64
		{A4C39FE1-D8C2-493F-9F9B-461D824F6089}.Debug|ARM64.Build.0 = Debug|ARM64
		{A4C39FE1-D8C2-493F-9F9B-461D824F6089}.Debug|x64.ActiveCfg = Debug|x64
		{A4C39FE1-D8C2-493F-9F9B-461D824F6089}.Debug|x64.Build.0 = Debug|x64
		{A4C39FE1-D8C2-493F-9F9B-461D824F6089}.Debug|x86.ActiveCfg = Debug|x86
		{A4C39FE1-D8C2-493F-9F9B-461D824F6089}.Debug|x86.Build.0 = Debug|x86
		{A4C39FE1-D8C2-493F-9F9B-461D824F6089}.Release|Any CPU.ActiveCfg = Release|Any CPU
		{A4C39FE1-D8C2-493F-9F9B-461D824F6089}.Release|Any CPU.Build.0 = Release|Any CPU
		{A4C39FE1-D8C2-493F-9F9B-461D824F6089}.Release|ARM64.ActiveCfg = Release|ARM64
		{A4C39FE1-D8C2-493F-9F9B-461D824F6089}.Release|ARM64.Build.0 = Release|ARM64
		{A4C39FE1-D8C2-493F-9F9B-461D824F6089}.Release|x64.ActiveCfg = Release|x64
		{A4C39FE1-D8C2-493F-9F9B-461D824F6089}.Release|x64.Build.0 = Release|x64
		{A4C39FE1-D8C2-493F-9F9B-461D824F6089}.Release|x86.ActiveCfg = Release|x86
		{A4C39FE1-D8C2-493F-9F9B-461D824F6089}.Release|x86.Build.0 = Release|x86
		{ED885439-281E-4E5F-BB45-139E28D1DC39}.Debug|Any CPU.ActiveCfg = Debug|Any CPU
		{ED885439-281E-4E5F-BB45-139E28D1DC39}.Debug|Any CPU.Build.0 = Debug|Any CPU
		{ED885439-281E-4E5F-BB45-139E28D1DC39}.Debug|ARM64.ActiveCfg = Debug|ARM64
		{ED885439-281E-4E5F-BB45-139E28D1DC39}.Debug|ARM64.Build.0 = Debug|ARM64
		{ED885439-281E-4E5F-BB45-139E28D1DC39}.Debug|x64.ActiveCfg = Debug|x64
		{ED885439-281E-4E5F-BB45-139E28D1DC39}.Debug|x64.Build.0 = Debug|x64
		{ED885439-281E-4E5F-BB45-139E28D1DC39}.Debug|x86.ActiveCfg = Debug|x86
		{ED885439-281E-4E5F-BB45-139E28D1DC39}.Debug|x86.Build.0 = Debug|x86
		{ED885439-281E-4E5F-BB45-139E28D1DC39}.Release|Any CPU.ActiveCfg = Release|Any CPU
		{ED885439-281E-4E5F-BB45-139E28D1DC39}.Release|Any CPU.Build.0 = Release|Any CPU
		{ED885439-281E-4E5F-BB45-139E28D1DC39}.Release|ARM64.ActiveCfg = Release|ARM64
		{ED885439-281E-4E5F-BB45-139E28D1DC39}.Release|ARM64.Build.0 = Release|ARM64
		{ED885439-281E-4E5F-BB45-139E28D1DC39}.Release|x64.ActiveCfg = Release|x64
		{ED885439-281E-4E5F-BB45-139E28D1DC39}.Release|x64.Build.0 = Release|x64
		{ED885439-281E-4E5F-BB45-139E28D1DC39}.Release|x86.ActiveCfg = Release|x86
		{ED885439-281E-4E5F-BB45-139E28D1DC39}.Release|x86.Build.0 = Release|x86
		{B4E679E2-FDAA-4BBA-8E8F-9250269A36EA}.Debug|Any CPU.ActiveCfg = Debug|Any CPU
		{B4E679E2-FDAA-4BBA-8E8F-9250269A36EA}.Debug|Any CPU.Build.0 = Debug|Any CPU
		{B4E679E2-FDAA-4BBA-8E8F-9250269A36EA}.Debug|ARM64.ActiveCfg = Debug|ARM64
		{B4E679E2-FDAA-4BBA-8E8F-9250269A36EA}.Debug|ARM64.Build.0 = Debug|ARM64
		{B4E679E2-FDAA-4BBA-8E8F-9250269A36EA}.Debug|x64.ActiveCfg = Debug|x64
		{B4E679E2-FDAA-4BBA-8E8F-9250269A36EA}.Debug|x64.Build.0 = Debug|x64
		{B4E679E2-FDAA-4BBA-8E8F-9250269A36EA}.Debug|x86.ActiveCfg = Debug|x86
		{B4E679E2-FDAA-4BBA-8E8F-9250269A36EA}.Debug|x86.Build.0 = Debug|x86
		{B4E679E2-FDAA-4BBA-8E8F-9250269A36EA}.Release|Any CPU.ActiveCfg = Release|Any CPU
		{B4E679E2-FDAA-4BBA-8E8F-9250269A36EA}.Release|Any CPU.Build.0 = Release|Any CPU
		{B4E679E2-FDAA-4BBA-8E8F-9250269A36EA}.Release|ARM64.ActiveCfg = Release|ARM64
		{B4E679E2-FDAA-4BBA-8E8F-9250269A36EA}.Release|ARM64.Build.0 = Release|ARM64
		{B4E679E2-FDAA-4BBA-8E8F-9250269A36EA}.Release|x64.ActiveCfg = Release|x64
		{B4E679E2-FDAA-4BBA-8E8F-9250269A36EA}.Release|x64.Build.0 = Release|x64
		{B4E679E2-FDAA-4BBA-8E8F-9250269A36EA}.Release|x86.ActiveCfg = Release|x86
		{B4E679E2-FDAA-4BBA-8E8F-9250269A36EA}.Release|x86.Build.0 = Release|x86
		{4451EC85-3A52-4CC8-93CF-CA518F83B719}.Debug|Any CPU.ActiveCfg = Debug|Any CPU
		{4451EC85-3A52-4CC8-93CF-CA518F83B719}.Debug|Any CPU.Build.0 = Debug|Any CPU
		{4451EC85-3A52-4CC8-93CF-CA518F83B719}.Debug|ARM64.ActiveCfg = Debug|ARM64
		{4451EC85-3A52-4CC8-93CF-CA518F83B719}.Debug|ARM64.Build.0 = Debug|ARM64
		{4451EC85-3A52-4CC8-93CF-CA518F83B719}.Debug|x64.ActiveCfg = Debug|x64
		{4451EC85-3A52-4CC8-93CF-CA518F83B719}.Debug|x64.Build.0 = Debug|x64
		{4451EC85-3A52-4CC8-93CF-CA518F83B719}.Debug|x86.ActiveCfg = Debug|x86
		{4451EC85-3A52-4CC8-93CF-CA518F83B719}.Debug|x86.Build.0 = Debug|x86
		{4451EC85-3A52-4CC8-93CF-CA518F83B719}.Release|Any CPU.ActiveCfg = Release|Any CPU
		{4451EC85-3A52-4CC8-93CF-CA518F83B719}.Release|Any CPU.Build.0 = Release|Any CPU
		{4451EC85-3A52-4CC8-93CF-CA518F83B719}.Release|ARM64.ActiveCfg = Release|ARM64
		{4451EC85-3A52-4CC8-93CF-CA518F83B719}.Release|ARM64.Build.0 = Release|ARM64
		{4451EC85-3A52-4CC8-93CF-CA518F83B719}.Release|x64.ActiveCfg = Release|x64
		{4451EC85-3A52-4CC8-93CF-CA518F83B719}.Release|x64.Build.0 = Release|x64
		{4451EC85-3A52-4CC8-93CF-CA518F83B719}.Release|x86.ActiveCfg = Release|x86
		{4451EC85-3A52-4CC8-93CF-CA518F83B719}.Release|x86.Build.0 = Release|x86
		{1185E617-133A-4B88-AF8C-F8D04E433868}.Debug|Any CPU.ActiveCfg = Debug|Any CPU
		{1185E617-133A-4B88-AF8C-F8D04E433868}.Debug|Any CPU.Build.0 = Debug|Any CPU
		{1185E617-133A-4B88-AF8C-F8D04E433868}.Debug|ARM64.ActiveCfg = Debug|ARM64
		{1185E617-133A-4B88-AF8C-F8D04E433868}.Debug|ARM64.Build.0 = Debug|ARM64
		{1185E617-133A-4B88-AF8C-F8D04E433868}.Debug|x64.ActiveCfg = Debug|x64
		{1185E617-133A-4B88-AF8C-F8D04E433868}.Debug|x64.Build.0 = Debug|x64
		{1185E617-133A-4B88-AF8C-F8D04E433868}.Debug|x86.ActiveCfg = Debug|x86
		{1185E617-133A-4B88-AF8C-F8D04E433868}.Debug|x86.Build.0 = Debug|x86
		{1185E617-133A-4B88-AF8C-F8D04E433868}.Release|Any CPU.ActiveCfg = Release|Any CPU
		{1185E617-133A-4B88-AF8C-F8D04E433868}.Release|Any CPU.Build.0 = Release|Any CPU
		{1185E617-133A-4B88-AF8C-F8D04E433868}.Release|ARM64.ActiveCfg = Release|ARM64
		{1185E617-133A-4B88-AF8C-F8D04E433868}.Release|ARM64.Build.0 = Release|ARM64
		{1185E617-133A-4B88-AF8C-F8D04E433868}.Release|x64.ActiveCfg = Release|x64
		{1185E617-133A-4B88-AF8C-F8D04E433868}.Release|x64.Build.0 = Release|x64
		{1185E617-133A-4B88-AF8C-F8D04E433868}.Release|x86.ActiveCfg = Release|x86
		{1185E617-133A-4B88-AF8C-F8D04E433868}.Release|x86.Build.0 = Release|x86
		{0504F6FA-EF69-419A-B463-FA4413C51724}.Debug|Any CPU.ActiveCfg = Debug|Any CPU
		{0504F6FA-EF69-419A-B463-FA4413C51724}.Debug|Any CPU.Build.0 = Debug|Any CPU
		{0504F6FA-EF69-419A-B463-FA4413C51724}.Debug|ARM64.ActiveCfg = Debug|ARM64
		{0504F6FA-EF69-419A-B463-FA4413C51724}.Debug|ARM64.Build.0 = Debug|ARM64
		{0504F6FA-EF69-419A-B463-FA4413C51724}.Debug|x64.ActiveCfg = Debug|x64
		{0504F6FA-EF69-419A-B463-FA4413C51724}.Debug|x64.Build.0 = Debug|x64
		{0504F6FA-EF69-419A-B463-FA4413C51724}.Debug|x86.ActiveCfg = Debug|x86
		{0504F6FA-EF69-419A-B463-FA4413C51724}.Debug|x86.Build.0 = Debug|x86
		{0504F6FA-EF69-419A-B463-FA4413C51724}.Release|Any CPU.ActiveCfg = Release|Any CPU
		{0504F6FA-EF69-419A-B463-FA4413C51724}.Release|Any CPU.Build.0 = Release|Any CPU
		{0504F6FA-EF69-419A-B463-FA4413C51724}.Release|ARM64.ActiveCfg = Release|ARM64
		{0504F6FA-EF69-419A-B463-FA4413C51724}.Release|ARM64.Build.0 = Release|ARM64
		{0504F6FA-EF69-419A-B463-FA4413C51724}.Release|x64.ActiveCfg = Release|x64
		{0504F6FA-EF69-419A-B463-FA4413C51724}.Release|x64.Build.0 = Release|x64
		{0504F6FA-EF69-419A-B463-FA4413C51724}.Release|x86.ActiveCfg = Release|x86
		{0504F6FA-EF69-419A-B463-FA4413C51724}.Release|x86.Build.0 = Release|x86
		{E07DE456-6395-4B2B-B6CF-7CB66F5EA30C}.Debug|Any CPU.ActiveCfg = Debug|Any CPU
		{E07DE456-6395-4B2B-B6CF-7CB66F5EA30C}.Debug|Any CPU.Build.0 = Debug|Any CPU
		{E07DE456-6395-4B2B-B6CF-7CB66F5EA30C}.Debug|ARM64.ActiveCfg = Debug|ARM64
		{E07DE456-6395-4B2B-B6CF-7CB66F5EA30C}.Debug|ARM64.Build.0 = Debug|ARM64
		{E07DE456-6395-4B2B-B6CF-7CB66F5EA30C}.Debug|x64.ActiveCfg = Debug|x64
		{E07DE456-6395-4B2B-B6CF-7CB66F5EA30C}.Debug|x64.Build.0 = Debug|x64
		{E07DE456-6395-4B2B-B6CF-7CB66F5EA30C}.Debug|x86.ActiveCfg = Debug|x86
		{E07DE456-6395-4B2B-B6CF-7CB66F5EA30C}.Debug|x86.Build.0 = Debug|x86
		{E07DE456-6395-4B2B-B6CF-7CB66F5EA30C}.Release|Any CPU.ActiveCfg = Release|Any CPU
		{E07DE456-6395-4B2B-B6CF-7CB66F5EA30C}.Release|Any CPU.Build.0 = Release|Any CPU
		{E07DE456-6395-4B2B-B6CF-7CB66F5EA30C}.Release|ARM64.ActiveCfg = Release|ARM64
		{E07DE456-6395-4B2B-B6CF-7CB66F5EA30C}.Release|ARM64.Build.0 = Release|ARM64
		{E07DE456-6395-4B2B-B6CF-7CB66F5EA30C}.Release|x64.ActiveCfg = Release|x64
		{E07DE456-6395-4B2B-B6CF-7CB66F5EA30C}.Release|x64.Build.0 = Release|x64
		{E07DE456-6395-4B2B-B6CF-7CB66F5EA30C}.Release|x86.ActiveCfg = Release|x86
		{E07DE456-6395-4B2B-B6CF-7CB66F5EA30C}.Release|x86.Build.0 = Release|x86
		{FDBCA488-5502-46F1-BF80-D881F71D333C}.Debug|Any CPU.ActiveCfg = Debug|Any CPU
		{FDBCA488-5502-46F1-BF80-D881F71D333C}.Debug|Any CPU.Build.0 = Debug|Any CPU
		{FDBCA488-5502-46F1-BF80-D881F71D333C}.Debug|ARM64.ActiveCfg = Debug|ARM64
		{FDBCA488-5502-46F1-BF80-D881F71D333C}.Debug|ARM64.Build.0 = Debug|ARM64
		{FDBCA488-5502-46F1-BF80-D881F71D333C}.Debug|x64.ActiveCfg = Debug|x64
		{FDBCA488-5502-46F1-BF80-D881F71D333C}.Debug|x64.Build.0 = Debug|x64
		{FDBCA488-5502-46F1-BF80-D881F71D333C}.Debug|x86.ActiveCfg = Debug|x86
		{FDBCA488-5502-46F1-BF80-D881F71D333C}.Debug|x86.Build.0 = Debug|x86
		{FDBCA488-5502-46F1-BF80-D881F71D333C}.Release|Any CPU.ActiveCfg = Release|Any CPU
		{FDBCA488-5502-46F1-BF80-D881F71D333C}.Release|Any CPU.Build.0 = Release|Any CPU
		{FDBCA488-5502-46F1-BF80-D881F71D333C}.Release|ARM64.ActiveCfg = Release|ARM64
		{FDBCA488-5502-46F1-BF80-D881F71D333C}.Release|ARM64.Build.0 = Release|ARM64
		{FDBCA488-5502-46F1-BF80-D881F71D333C}.Release|x64.ActiveCfg = Release|x64
		{FDBCA488-5502-46F1-BF80-D881F71D333C}.Release|x64.Build.0 = Release|x64
		{FDBCA488-5502-46F1-BF80-D881F71D333C}.Release|x86.ActiveCfg = Release|x86
		{FDBCA488-5502-46F1-BF80-D881F71D333C}.Release|x86.Build.0 = Release|x86
		{CADC523C-4AD4-4403-BDBA-B2A7B28CC49F}.Debug|Any CPU.ActiveCfg = Debug|Any CPU
		{CADC523C-4AD4-4403-BDBA-B2A7B28CC49F}.Debug|Any CPU.Build.0 = Debug|Any CPU
		{CADC523C-4AD4-4403-BDBA-B2A7B28CC49F}.Debug|ARM64.ActiveCfg = Debug|ARM64
		{CADC523C-4AD4-4403-BDBA-B2A7B28CC49F}.Debug|ARM64.Build.0 = Debug|ARM64
		{CADC523C-4AD4-4403-BDBA-B2A7B28CC49F}.Debug|x64.ActiveCfg = Debug|x64
		{CADC523C-4AD4-4403-BDBA-B2A7B28CC49F}.Debug|x64.Build.0 = Debug|x64
		{CADC523C-4AD4-4403-BDBA-B2A7B28CC49F}.Debug|x86.ActiveCfg = Debug|x86
		{CADC523C-4AD4-4403-BDBA-B2A7B28CC49F}.Debug|x86.Build.0 = Debug|x86
		{CADC523C-4AD4-4403-BDBA-B2A7B28CC49F}.Release|Any CPU.ActiveCfg = Release|Any CPU
		{CADC523C-4AD4-4403-BDBA-B2A7B28CC49F}.Release|Any CPU.Build.0 = Release|Any CPU
		{CADC523C-4AD4-4403-BDBA-B2A7B28CC49F}.Release|ARM64.ActiveCfg = Release|ARM64
		{CADC523C-4AD4-4403-BDBA-B2A7B28CC49F}.Release|ARM64.Build.0 = Release|ARM64
		{CADC523C-4AD4-4403-BDBA-B2A7B28CC49F}.Release|x64.ActiveCfg = Release|x64
		{CADC523C-4AD4-4403-BDBA-B2A7B28CC49F}.Release|x64.Build.0 = Release|x64
		{CADC523C-4AD4-4403-BDBA-B2A7B28CC49F}.Release|x86.ActiveCfg = Release|x86
		{CADC523C-4AD4-4403-BDBA-B2A7B28CC49F}.Release|x86.Build.0 = Release|x86
		{962883FA-6051-437C-88E8-59B1D067136C}.Debug|Any CPU.ActiveCfg = Debug|Any CPU
		{962883FA-6051-437C-88E8-59B1D067136C}.Debug|Any CPU.Build.0 = Debug|Any CPU
		{962883FA-6051-437C-88E8-59B1D067136C}.Debug|ARM64.ActiveCfg = Debug|ARM64
		{962883FA-6051-437C-88E8-59B1D067136C}.Debug|ARM64.Build.0 = Debug|ARM64
		{962883FA-6051-437C-88E8-59B1D067136C}.Debug|x64.ActiveCfg = Debug|x64
		{962883FA-6051-437C-88E8-59B1D067136C}.Debug|x64.Build.0 = Debug|x64
		{962883FA-6051-437C-88E8-59B1D067136C}.Debug|x86.ActiveCfg = Debug|x86
		{962883FA-6051-437C-88E8-59B1D067136C}.Debug|x86.Build.0 = Debug|x86
		{962883FA-6051-437C-88E8-59B1D067136C}.Release|Any CPU.ActiveCfg = Release|Any CPU
		{962883FA-6051-437C-88E8-59B1D067136C}.Release|Any CPU.Build.0 = Release|Any CPU
		{962883FA-6051-437C-88E8-59B1D067136C}.Release|ARM64.ActiveCfg = Release|ARM64
		{962883FA-6051-437C-88E8-59B1D067136C}.Release|ARM64.Build.0 = Release|ARM64
		{962883FA-6051-437C-88E8-59B1D067136C}.Release|x64.ActiveCfg = Release|x64
		{962883FA-6051-437C-88E8-59B1D067136C}.Release|x64.Build.0 = Release|x64
		{962883FA-6051-437C-88E8-59B1D067136C}.Release|x86.ActiveCfg = Release|x86
		{962883FA-6051-437C-88E8-59B1D067136C}.Release|x86.Build.0 = Release|x86
		{318A3C60-C907-48D1-8F29-479ED40679AA}.Debug|Any CPU.ActiveCfg = Debug|Any CPU
		{318A3C60-C907-48D1-8F29-479ED40679AA}.Debug|Any CPU.Build.0 = Debug|Any CPU
		{318A3C60-C907-48D1-8F29-479ED40679AA}.Debug|ARM64.ActiveCfg = Debug|ARM64
		{318A3C60-C907-48D1-8F29-479ED40679AA}.Debug|ARM64.Build.0 = Debug|ARM64
		{318A3C60-C907-48D1-8F29-479ED40679AA}.Debug|x64.ActiveCfg = Debug|x64
		{318A3C60-C907-48D1-8F29-479ED40679AA}.Debug|x64.Build.0 = Debug|x64
		{318A3C60-C907-48D1-8F29-479ED40679AA}.Debug|x86.ActiveCfg = Debug|x86
		{318A3C60-C907-48D1-8F29-479ED40679AA}.Debug|x86.Build.0 = Debug|x86
		{318A3C60-C907-48D1-8F29-479ED40679AA}.Release|Any CPU.ActiveCfg = Release|Any CPU
		{318A3C60-C907-48D1-8F29-479ED40679AA}.Release|Any CPU.Build.0 = Release|Any CPU
		{318A3C60-C907-48D1-8F29-479ED40679AA}.Release|ARM64.ActiveCfg = Release|ARM64
		{318A3C60-C907-48D1-8F29-479ED40679AA}.Release|ARM64.Build.0 = Release|ARM64
		{318A3C60-C907-48D1-8F29-479ED40679AA}.Release|x64.ActiveCfg = Release|x64
		{318A3C60-C907-48D1-8F29-479ED40679AA}.Release|x64.Build.0 = Release|x64
		{318A3C60-C907-48D1-8F29-479ED40679AA}.Release|x86.ActiveCfg = Release|x86
		{318A3C60-C907-48D1-8F29-479ED40679AA}.Release|x86.Build.0 = Release|x86
		{72E6BBC5-37E0-4348-B7A3-0F314D36B25E}.Debug|Any CPU.ActiveCfg = Debug|Any CPU
		{72E6BBC5-37E0-4348-B7A3-0F314D36B25E}.Debug|Any CPU.Build.0 = Debug|Any CPU
		{3439BDE4-BB64-45D8-BA86-E3FCA9915CF7}.Debug|Any CPU.ActiveCfg = Debug|Any CPU
		{3439BDE4-BB64-45D8-BA86-E3FCA9915CF7}.Debug|Any CPU.Build.0 = Debug|Any CPU
		{3439BDE4-BB64-45D8-BA86-E3FCA9915CF7}.Debug|ARM64.ActiveCfg = Debug|ARM64
		{3439BDE4-BB64-45D8-BA86-E3FCA9915CF7}.Debug|ARM64.Build.0 = Debug|ARM64
		{3439BDE4-BB64-45D8-BA86-E3FCA9915CF7}.Debug|x64.ActiveCfg = Debug|x64
		{3439BDE4-BB64-45D8-BA86-E3FCA9915CF7}.Debug|x64.Build.0 = Debug|x64
		{3439BDE4-BB64-45D8-BA86-E3FCA9915CF7}.Debug|x86.ActiveCfg = Debug|x86
		{3439BDE4-BB64-45D8-BA86-E3FCA9915CF7}.Debug|x86.Build.0 = Debug|x86
		{3439BDE4-BB64-45D8-BA86-E3FCA9915CF7}.Release|Any CPU.ActiveCfg = Release|Any CPU
		{3439BDE4-BB64-45D8-BA86-E3FCA9915CF7}.Release|Any CPU.Build.0 = Release|Any CPU
		{3439BDE4-BB64-45D8-BA86-E3FCA9915CF7}.Release|ARM64.ActiveCfg = Release|ARM64
		{3439BDE4-BB64-45D8-BA86-E3FCA9915CF7}.Release|ARM64.Build.0 = Release|ARM64
		{3439BDE4-BB64-45D8-BA86-E3FCA9915CF7}.Release|x64.ActiveCfg = Release|x64
		{3439BDE4-BB64-45D8-BA86-E3FCA9915CF7}.Release|x64.Build.0 = Release|x64
		{3439BDE4-BB64-45D8-BA86-E3FCA9915CF7}.Release|x86.ActiveCfg = Release|x86
		{3439BDE4-BB64-45D8-BA86-E3FCA9915CF7}.Release|x86.Build.0 = Release|x86
		{877CC54E-3342-454E-B7BC-6513580B63BC}.Debug|Any CPU.ActiveCfg = Debug|Any CPU
		{877CC54E-3342-454E-B7BC-6513580B63BC}.Debug|Any CPU.Build.0 = Debug|Any CPU
		{97C8358A-4968-4777-B0F1-2D635EB99CB8}.Debug|Any CPU.ActiveCfg = Debug|Any CPU
		{97C8358A-4968-4777-B0F1-2D635EB99CB8}.Debug|Any CPU.Build.0 = Debug|Any CPU
		{50AEA5C1-D498-4640-BDC6-01481FB8CBB0}.Debug|Any CPU.ActiveCfg = Debug|Any CPU
		{50AEA5C1-D498-4640-BDC6-01481FB8CBB0}.Debug|Any CPU.Build.0 = Debug|Any CPU
		{F76C7C7B-B4C8-446E-B269-FCE7C0028E1F}.Debug|Any CPU.ActiveCfg = Debug|Any CPU
		{F76C7C7B-B4C8-446E-B269-FCE7C0028E1F}.Debug|Any CPU.Build.0 = Debug|Any CPU
		{440B849B-FE9A-48FD-8D75-C7B84D427E87}.Debug|Any CPU.ActiveCfg = Debug|Any CPU
		{440B849B-FE9A-48FD-8D75-C7B84D427E87}.Debug|Any CPU.Build.0 = Debug|Any CPU
		{22135561-D44D-4074-B959-EBA8585EE798}.Debug|Any CPU.ActiveCfg = Debug|Any CPU
		{22135561-D44D-4074-B959-EBA8585EE798}.Debug|Any CPU.Build.0 = Debug|Any CPU
		{84AD9395-90E2-42BD-8A5D-479213A46552}.Debug|Any CPU.ActiveCfg = Debug|Any CPU
		{84AD9395-90E2-42BD-8A5D-479213A46552}.Debug|Any CPU.Build.0 = Debug|Any CPU
		{9A0A0A59-5D66-4D03-8A2D-5201B0EA1A9F}.Debug|Any CPU.ActiveCfg = Debug|Any CPU
		{9A0A0A59-5D66-4D03-8A2D-5201B0EA1A9F}.Debug|Any CPU.Build.0 = Debug|Any CPU
		{06E4A656-8E50-4684-B7B2-D9181BA40977}.Debug|Any CPU.ActiveCfg = Debug|Any CPU
		{06E4A656-8E50-4684-B7B2-D9181BA40977}.Debug|Any CPU.Build.0 = Debug|Any CPU
		{F2696A0E-D9AB-4CBA-AF26-DA7F51A992FE}.Debug|Any CPU.ActiveCfg = Debug|Any CPU
		{F2696A0E-D9AB-4CBA-AF26-DA7F51A992FE}.Debug|Any CPU.Build.0 = Debug|Any CPU
		{92FCEB1F-BBA5-4D53-B83D-493E603A16D5}.Debug|Any CPU.ActiveCfg = Debug|Any CPU
		{92FCEB1F-BBA5-4D53-B83D-493E603A16D5}.Debug|Any CPU.Build.0 = Debug|Any CPU
		{57930814-DCCF-4D43-9298-87A6C034801A}.Debug|Any CPU.ActiveCfg = Debug|Any CPU
		{57930814-DCCF-4D43-9298-87A6C034801A}.Debug|Any CPU.Build.0 = Debug|Any CPU
	EndGlobalSection
	GlobalSection(SolutionProperties) = preSolution
		HideSolutionNode = FALSE
	EndGlobalSection
	GlobalSection(NestedProjects) = preSolution
		{A4C39FE1-D8C2-493F-9F9B-461D824F6089} = {7B75EF2E-BDA8-417E-B3C7-D52293ACFB21}
		{ED885439-281E-4E5F-BB45-139E28D1DC39} = {7B75EF2E-BDA8-417E-B3C7-D52293ACFB21}
		{2E093943-8EED-4B40-9220-DF1EA11CBE5D} = {59A90A46-8DF0-4650-980D-ECB31866C39C}
		{B4E679E2-FDAA-4BBA-8E8F-9250269A36EA} = {2E093943-8EED-4B40-9220-DF1EA11CBE5D}
		{4451EC85-3A52-4CC8-93CF-CA518F83B719} = {7B75EF2E-BDA8-417E-B3C7-D52293ACFB21}
		{1185E617-133A-4B88-AF8C-F8D04E433868} = {7B75EF2E-BDA8-417E-B3C7-D52293ACFB21}
		{0504F6FA-EF69-419A-B463-FA4413C51724} = {7B75EF2E-BDA8-417E-B3C7-D52293ACFB21}
		{E07DE456-6395-4B2B-B6CF-7CB66F5EA30C} = {7B75EF2E-BDA8-417E-B3C7-D52293ACFB21}
		{E6619AC8-39A0-40B8-9504-1970280517F3} = {1ACE9E2E-4250-4D9A-8079-07D839222B67}
		{3A3F7D2D-44AD-4D4A-B281-640F95AE8682} = {E6619AC8-39A0-40B8-9504-1970280517F3}
		{33E4743A-17E0-4C90-B4F6-6581B72E1069} = {59A90A46-8DF0-4650-980D-ECB31866C39C}
		{FDBCA488-5502-46F1-BF80-D881F71D333C} = {33E4743A-17E0-4C90-B4F6-6581B72E1069}
		{CADC523C-4AD4-4403-BDBA-B2A7B28CC49F} = {33E4743A-17E0-4C90-B4F6-6581B72E1069}
		{962883FA-6051-437C-88E8-59B1D067136C} = {33E4743A-17E0-4C90-B4F6-6581B72E1069}
		{318A3C60-C907-48D1-8F29-479ED40679AA} = {2E093943-8EED-4B40-9220-DF1EA11CBE5D}
		{D5CB83E5-A218-422A-995B-C7122ED3F95D} = {1F9B76FE-3A57-4AB5-8657-3EAB232B84AF}
		{72E6BBC5-37E0-4348-B7A3-0F314D36B25E} = {D5CB83E5-A218-422A-995B-C7122ED3F95D}
		{3439BDE4-BB64-45D8-BA86-E3FCA9915CF7} = {7B75EF2E-BDA8-417E-B3C7-D52293ACFB21}
		{7B75EF2E-BDA8-417E-B3C7-D52293ACFB21} = {59A90A46-8DF0-4650-980D-ECB31866C39C}
		{FB7311FB-CB1B-48BB-ADCC-46B15153EBD7} = {1F9B76FE-3A57-4AB5-8657-3EAB232B84AF}
		{14F18647-F9FE-46B0-B276-C074FA370677} = {1F9B76FE-3A57-4AB5-8657-3EAB232B84AF}
		{97C8358A-4968-4777-B0F1-2D635EB99CB8} = {FB7311FB-CB1B-48BB-ADCC-46B15153EBD7}
		{50AEA5C1-D498-4640-BDC6-01481FB8CBB0} = {FB7311FB-CB1B-48BB-ADCC-46B15153EBD7}
		{F76C7C7B-B4C8-446E-B269-FCE7C0028E1F} = {FB7311FB-CB1B-48BB-ADCC-46B15153EBD7}
		{440B849B-FE9A-48FD-8D75-C7B84D427E87} = {FB7311FB-CB1B-48BB-ADCC-46B15153EBD7}
		{22135561-D44D-4074-B959-EBA8585EE798} = {FB7311FB-CB1B-48BB-ADCC-46B15153EBD7}
		{84AD9395-90E2-42BD-8A5D-479213A46552} = {FB7311FB-CB1B-48BB-ADCC-46B15153EBD7}
		{9A0A0A59-5D66-4D03-8A2D-5201B0EA1A9F} = {FB7311FB-CB1B-48BB-ADCC-46B15153EBD7}
		{06E4A656-8E50-4684-B7B2-D9181BA40977} = {D5CB83E5-A218-422A-995B-C7122ED3F95D}
		{F2696A0E-D9AB-4CBA-AF26-DA7F51A992FE} = {D5CB83E5-A218-422A-995B-C7122ED3F95D}
		{92FCEB1F-BBA5-4D53-B83D-493E603A16D5} = {14F18647-F9FE-46B0-B276-C074FA370677}
		{57930814-DCCF-4D43-9298-87A6C034801A} = {14F18647-F9FE-46B0-B276-C074FA370677}
		{36CE571D-118A-40A1-BF6A-FBDE9D4BE2EE} = {1F9B76FE-3A57-4AB5-8657-3EAB232B84AF}
		{877CC54E-3342-454E-B7BC-6513580B63BC} = {36CE571D-118A-40A1-BF6A-FBDE9D4BE2EE}
		{5A33A95E-21B1-4FB7-8706-22EBB7CC49FE} = {36CE571D-118A-40A1-BF6A-FBDE9D4BE2EE}
	EndGlobalSection
	GlobalSection(ExtensibilityGlobals) = postSolution
		SolutionGuid = {3D6B7E96-5169-4380-ADCD-B781CDCE795C}
	EndGlobalSection
EndGlobal
